
Microsoft Visual Studio Solution File, Format Version 12.00
# Visual Studio Version 17
VisualStudioVersion = 17.9.34723.18
MinimumVisualStudioVersion = 10.0.40219.1
Project("{2150E333-8FDC-42A3-9474-1A3956D46DE8}") = "CPP 01", "CPP 01", "{B6CE598F-F023-416E-B53B-F38DCF6F2D70}"
EndProject
Project("{8BC9CEB8-8B4A-11D0-8D11-00A0C91BC942}") = "CPP 01. Escape sequences", "CPP 01. Escape sequences\CPP 01. Escape sequences.vcxproj", "{BB47F42C-E239-4DFC-873F-02E7F9F31463}"
EndProject
Project("{8BC9CEB8-8B4A-11D0-8D11-00A0C91BC942}") = "CPP 01. First project", "CPP 01. First project\First project.vcxproj", "{4F7BF786-4D2C-4F16-91EE-8F9A0FF91FA8}"
EndProject
Project("{8BC9CEB8-8B4A-11D0-8D11-00A0C91BC942}") = "CPP 01. Datatypes", "CPP 01. Datatypes\CPP 01. Datatypes.vcxproj", "{0BBB9468-118F-416F-9AF2-87143714CB68}"
EndProject
Project("{2150E333-8FDC-42A3-9474-1A3956D46DE8}") = "CPP 02", "CPP 02", "{E4E5669E-D700-4149-8C94-2B1EB863AF85}"
EndProject
Project("{8BC9CEB8-8B4A-11D0-8D11-00A0C91BC942}") = "CPP 02. Constant variables", "CPP 02. Constant variables\CPP 02. Constant variables.vcxproj", "{35D30F01-DA2F-409C-84E4-F6A9F6DEB62F}"
EndProject
Project("{8BC9CEB8-8B4A-11D0-8D11-00A0C91BC942}") = "CPP 02. Unsigned variables", "CPP 02. Unsigned variables\CPP 02. Unsigned variables.vcxproj", "{88F68860-DA32-4664-AB8D-7C6D4A1DC928}"
EndProject
Project("{8BC9CEB8-8B4A-11D0-8D11-00A0C91BC942}") = "CPP 02. Operators", "CPP 02. Operators\CPP 02. Operators.vcxproj", "{3277E658-81D5-4719-8CD9-532C6E0CAC7E}"
EndProject
Project("{8BC9CEB8-8B4A-11D0-8D11-00A0C91BC942}") = "CPP 02. Typecasting", "CPP 02. Typecasting\CPP 02. Typecasting.vcxproj", "{18AE225F-6E23-4F75-B1BD-02F6EB393DA6}"
EndProject
Project("{8BC9CEB8-8B4A-11D0-8D11-00A0C91BC942}") = "CPP 02. input data", "CPP 02. input data\CPP 02. input data.vcxproj", "{C6B97EAA-0204-4FEE-B89F-A0A009CDADF2}"
EndProject
Project("{2150E333-8FDC-42A3-9474-1A3956D46DE8}") = "CPP 03", "CPP 03", "{2DF226F4-DB50-4FAA-8696-F0C1A7CF7D1D}"
EndProject
Project("{8BC9CEB8-8B4A-11D0-8D11-00A0C91BC942}") = "CPP 03. Comparison operators", "CPP 03. Comparison operators\CPP 03. Comparison operators.vcxproj", "{C705B226-50A6-4472-9C5F-062AFB59C961}"
EndProject
Project("{8BC9CEB8-8B4A-11D0-8D11-00A0C91BC942}") = "CPP 03. Initialize methods", "CPP 03. Initialize methods\CPP 03. Initialize methods.vcxproj", "{2B83F9CB-2F98-4B92-A677-5BC6D5F42B12}"
EndProject
Project("{8BC9CEB8-8B4A-11D0-8D11-00A0C91BC942}") = "CPP 03. if, else else if", "CPP 03. if, else else if\CPP 03. if, else else if.vcxproj", "{EAFF4E83-1959-4075-AE9A-FEEBBF93DF10}"
EndProject
Project("{2150E333-8FDC-42A3-9474-1A3956D46DE8}") = "CPP 04", "CPP 04", "{6B8F4ADD-5831-4D80-9211-A6BB2E2142D8}"
EndProject
Project("{8BC9CEB8-8B4A-11D0-8D11-00A0C91BC942}") = "CPP 04. logical operators", "CPP 04. logical operators\CPP 04. logical operators.vcxproj", "{800F9D78-132C-43D2-96A1-17F06B9FD341}"
EndProject
Project("{8BC9CEB8-8B4A-11D0-8D11-00A0C91BC942}") = "CPP 04. Ternary operator", "CPP 04. Ternary operator\CPP 04. Ternary operator.vcxproj", "{33565458-AE99-4E7B-B8DE-EF9D1A4F8811}"
EndProject
Project("{8BC9CEB8-8B4A-11D0-8D11-00A0C91BC942}") = "CPP 04. switch case", "CPP 04. switch case\CPP 04. switch case.vcxproj", "{6F865E09-66C2-4255-ADB6-DEBE934849CF}"
EndProject
Project("{8BC9CEB8-8B4A-11D0-8D11-00A0C91BC942}") = "CPP 04. enum vs switch", "CPP 04. enum vs switch\CPP 04. enum vs switch.vcxproj", "{F0372C44-FE9D-45B7-8260-F7A707BB3740}"
EndProject
Project("{2150E333-8FDC-42A3-9474-1A3956D46DE8}") = "CPP 05", "CPP 05", "{F689DB97-58A6-4EC7-9B56-0B8611C1510A}"
EndProject
Project("{8BC9CEB8-8B4A-11D0-8D11-00A0C91BC942}") = "CPP 05. Loops while", "CPP 05. Loops while\CPP 05. Loops while.vcxproj", "{154F8BC7-A72B-4D08-B59C-7B6A0A2AD16C}"
EndProject
Project("{8BC9CEB8-8B4A-11D0-8D11-00A0C91BC942}") = "CPP 05. do while", "CPP 05. do while\CPP 05. do while.vcxproj", "{1518B8E4-5BF1-420B-BA1F-3B36209967DF}"
EndProject
Project("{8BC9CEB8-8B4A-11D0-8D11-00A0C91BC942}") = "CPP 05. for", "CPP 05. for\CPP 05. for.vcxproj", "{8A7FCA67-47F3-4565-8CBF-FFB7E1A62E46}"
EndProject
Project("{8BC9CEB8-8B4A-11D0-8D11-00A0C91BC942}") = "CPP 06. break, continue", "CPP 06. break, continue\CPP 06. break, continue.vcxproj", "{7065C860-73E2-4261-9CCC-30F6CBA2397D}"
EndProject
Project("{8BC9CEB8-8B4A-11D0-8D11-00A0C91BC942}") = "CPP 06. Arrays", "CPP 06. Arrays\CPP 06. Arrays.vcxproj", "{A83D90D6-0F7D-4505-BBD0-EE450FEC87C7}"
EndProject
Project("{2150E333-8FDC-42A3-9474-1A3956D46DE8}") = "CPP 06", "CPP 06", "{188CC262-AAE3-4142-A897-74FA35730CC8}"
EndProject
Project("{8BC9CEB8-8B4A-11D0-8D11-00A0C91BC942}") = "CPP 06. random fill", "CPP 06. random fill\CPP 06. random fill.vcxproj", "{4E8E3BE2-0EEC-41D1-8BAE-703DA55BF3C9}"
EndProject
Global
	GlobalSection(SolutionConfigurationPlatforms) = preSolution
		Debug|x64 = Debug|x64
		Debug|x86 = Debug|x86
		Release|x64 = Release|x64
		Release|x86 = Release|x86
	EndGlobalSection
	GlobalSection(ProjectConfigurationPlatforms) = postSolution
		{BB47F42C-E239-4DFC-873F-02E7F9F31463}.Debug|x64.ActiveCfg = Debug|x64
		{BB47F42C-E239-4DFC-873F-02E7F9F31463}.Debug|x64.Build.0 = Debug|x64
		{BB47F42C-E239-4DFC-873F-02E7F9F31463}.Debug|x86.ActiveCfg = Debug|Win32
		{BB47F42C-E239-4DFC-873F-02E7F9F31463}.Debug|x86.Build.0 = Debug|Win32
		{BB47F42C-E239-4DFC-873F-02E7F9F31463}.Release|x64.ActiveCfg = Release|x64
		{BB47F42C-E239-4DFC-873F-02E7F9F31463}.Release|x64.Build.0 = Release|x64
		{BB47F42C-E239-4DFC-873F-02E7F9F31463}.Release|x86.ActiveCfg = Release|Win32
		{BB47F42C-E239-4DFC-873F-02E7F9F31463}.Release|x86.Build.0 = Release|Win32
		{4F7BF786-4D2C-4F16-91EE-8F9A0FF91FA8}.Debug|x64.ActiveCfg = Debug|x64
		{4F7BF786-4D2C-4F16-91EE-8F9A0FF91FA8}.Debug|x64.Build.0 = Debug|x64
		{4F7BF786-4D2C-4F16-91EE-8F9A0FF91FA8}.Debug|x86.ActiveCfg = Debug|Win32
		{4F7BF786-4D2C-4F16-91EE-8F9A0FF91FA8}.Debug|x86.Build.0 = Debug|Win32
		{4F7BF786-4D2C-4F16-91EE-8F9A0FF91FA8}.Release|x64.ActiveCfg = Release|x64
		{4F7BF786-4D2C-4F16-91EE-8F9A0FF91FA8}.Release|x64.Build.0 = Release|x64
		{4F7BF786-4D2C-4F16-91EE-8F9A0FF91FA8}.Release|x86.ActiveCfg = Release|Win32
		{4F7BF786-4D2C-4F16-91EE-8F9A0FF91FA8}.Release|x86.Build.0 = Release|Win32
		{0BBB9468-118F-416F-9AF2-87143714CB68}.Debug|x64.ActiveCfg = Debug|x64
		{0BBB9468-118F-416F-9AF2-87143714CB68}.Debug|x64.Build.0 = Debug|x64
		{0BBB9468-118F-416F-9AF2-87143714CB68}.Debug|x86.ActiveCfg = Debug|Win32
		{0BBB9468-118F-416F-9AF2-87143714CB68}.Debug|x86.Build.0 = Debug|Win32
		{0BBB9468-118F-416F-9AF2-87143714CB68}.Release|x64.ActiveCfg = Release|x64
		{0BBB9468-118F-416F-9AF2-87143714CB68}.Release|x64.Build.0 = Release|x64
		{0BBB9468-118F-416F-9AF2-87143714CB68}.Release|x86.ActiveCfg = Release|Win32
		{0BBB9468-118F-416F-9AF2-87143714CB68}.Release|x86.Build.0 = Release|Win32
		{35D30F01-DA2F-409C-84E4-F6A9F6DEB62F}.Debug|x64.ActiveCfg = Debug|x64
		{35D30F01-DA2F-409C-84E4-F6A9F6DEB62F}.Debug|x64.Build.0 = Debug|x64
		{35D30F01-DA2F-409C-84E4-F6A9F6DEB62F}.Debug|x86.ActiveCfg = Debug|Win32
		{35D30F01-DA2F-409C-84E4-F6A9F6DEB62F}.Debug|x86.Build.0 = Debug|Win32
		{35D30F01-DA2F-409C-84E4-F6A9F6DEB62F}.Release|x64.ActiveCfg = Release|x64
		{35D30F01-DA2F-409C-84E4-F6A9F6DEB62F}.Release|x64.Build.0 = Release|x64
		{35D30F01-DA2F-409C-84E4-F6A9F6DEB62F}.Release|x86.ActiveCfg = Release|Win32
		{35D30F01-DA2F-409C-84E4-F6A9F6DEB62F}.Release|x86.Build.0 = Release|Win32
		{88F68860-DA32-4664-AB8D-7C6D4A1DC928}.Debug|x64.ActiveCfg = Debug|x64
		{88F68860-DA32-4664-AB8D-7C6D4A1DC928}.Debug|x64.Build.0 = Debug|x64
		{88F68860-DA32-4664-AB8D-7C6D4A1DC928}.Debug|x86.ActiveCfg = Debug|Win32
		{88F68860-DA32-4664-AB8D-7C6D4A1DC928}.Debug|x86.Build.0 = Debug|Win32
		{88F68860-DA32-4664-AB8D-7C6D4A1DC928}.Release|x64.ActiveCfg = Release|x64
		{88F68860-DA32-4664-AB8D-7C6D4A1DC928}.Release|x64.Build.0 = Release|x64
		{88F68860-DA32-4664-AB8D-7C6D4A1DC928}.Release|x86.ActiveCfg = Release|Win32
		{88F68860-DA32-4664-AB8D-7C6D4A1DC928}.Release|x86.Build.0 = Release|Win32
		{3277E658-81D5-4719-8CD9-532C6E0CAC7E}.Debug|x64.ActiveCfg = Debug|x64
		{3277E658-81D5-4719-8CD9-532C6E0CAC7E}.Debug|x64.Build.0 = Debug|x64
		{3277E658-81D5-4719-8CD9-532C6E0CAC7E}.Debug|x86.ActiveCfg = Debug|Win32
		{3277E658-81D5-4719-8CD9-532C6E0CAC7E}.Debug|x86.Build.0 = Debug|Win32
		{3277E658-81D5-4719-8CD9-532C6E0CAC7E}.Release|x64.ActiveCfg = Release|x64
		{3277E658-81D5-4719-8CD9-532C6E0CAC7E}.Release|x64.Build.0 = Release|x64
		{3277E658-81D5-4719-8CD9-532C6E0CAC7E}.Release|x86.ActiveCfg = Release|Win32
		{3277E658-81D5-4719-8CD9-532C6E0CAC7E}.Release|x86.Build.0 = Release|Win32
		{18AE225F-6E23-4F75-B1BD-02F6EB393DA6}.Debug|x64.ActiveCfg = Debug|x64
		{18AE225F-6E23-4F75-B1BD-02F6EB393DA6}.Debug|x64.Build.0 = Debug|x64
		{18AE225F-6E23-4F75-B1BD-02F6EB393DA6}.Debug|x86.ActiveCfg = Debug|Win32
		{18AE225F-6E23-4F75-B1BD-02F6EB393DA6}.Debug|x86.Build.0 = Debug|Win32
		{18AE225F-6E23-4F75-B1BD-02F6EB393DA6}.Release|x64.ActiveCfg = Release|x64
		{18AE225F-6E23-4F75-B1BD-02F6EB393DA6}.Release|x64.Build.0 = Release|x64
		{18AE225F-6E23-4F75-B1BD-02F6EB393DA6}.Release|x86.ActiveCfg = Release|Win32
		{18AE225F-6E23-4F75-B1BD-02F6EB393DA6}.Release|x86.Build.0 = Release|Win32
		{C6B97EAA-0204-4FEE-B89F-A0A009CDADF2}.Debug|x64.ActiveCfg = Debug|x64
		{C6B97EAA-0204-4FEE-B89F-A0A009CDADF2}.Debug|x64.Build.0 = Debug|x64
		{C6B97EAA-0204-4FEE-B89F-A0A009CDADF2}.Debug|x86.ActiveCfg = Debug|Win32
		{C6B97EAA-0204-4FEE-B89F-A0A009CDADF2}.Debug|x86.Build.0 = Debug|Win32
		{C6B97EAA-0204-4FEE-B89F-A0A009CDADF2}.Release|x64.ActiveCfg = Release|x64
		{C6B97EAA-0204-4FEE-B89F-A0A009CDADF2}.Release|x64.Build.0 = Release|x64
		{C6B97EAA-0204-4FEE-B89F-A0A009CDADF2}.Release|x86.ActiveCfg = Release|Win32
		{C6B97EAA-0204-4FEE-B89F-A0A009CDADF2}.Release|x86.Build.0 = Release|Win32
		{C705B226-50A6-4472-9C5F-062AFB59C961}.Debug|x64.ActiveCfg = Debug|x64
		{C705B226-50A6-4472-9C5F-062AFB59C961}.Debug|x64.Build.0 = Debug|x64
		{C705B226-50A6-4472-9C5F-062AFB59C961}.Debug|x86.ActiveCfg = Debug|Win32
		{C705B226-50A6-4472-9C5F-062AFB59C961}.Debug|x86.Build.0 = Debug|Win32
		{C705B226-50A6-4472-9C5F-062AFB59C961}.Release|x64.ActiveCfg = Release|x64
		{C705B226-50A6-4472-9C5F-062AFB59C961}.Release|x64.Build.0 = Release|x64
		{C705B226-50A6-4472-9C5F-062AFB59C961}.Release|x86.ActiveCfg = Release|Win32
		{C705B226-50A6-4472-9C5F-062AFB59C961}.Release|x86.Build.0 = Release|Win32
		{2B83F9CB-2F98-4B92-A677-5BC6D5F42B12}.Debug|x64.ActiveCfg = Debug|x64
		{2B83F9CB-2F98-4B92-A677-5BC6D5F42B12}.Debug|x64.Build.0 = Debug|x64
		{2B83F9CB-2F98-4B92-A677-5BC6D5F42B12}.Debug|x86.ActiveCfg = Debug|Win32
		{2B83F9CB-2F98-4B92-A677-5BC6D5F42B12}.Debug|x86.Build.0 = Debug|Win32
		{2B83F9CB-2F98-4B92-A677-5BC6D5F42B12}.Release|x64.ActiveCfg = Release|x64
		{2B83F9CB-2F98-4B92-A677-5BC6D5F42B12}.Release|x64.Build.0 = Release|x64
		{2B83F9CB-2F98-4B92-A677-5BC6D5F42B12}.Release|x86.ActiveCfg = Release|Win32
		{2B83F9CB-2F98-4B92-A677-5BC6D5F42B12}.Release|x86.Build.0 = Release|Win32
		{EAFF4E83-1959-4075-AE9A-FEEBBF93DF10}.Debug|x64.ActiveCfg = Debug|x64
		{EAFF4E83-1959-4075-AE9A-FEEBBF93DF10}.Debug|x64.Build.0 = Debug|x64
		{EAFF4E83-1959-4075-AE9A-FEEBBF93DF10}.Debug|x86.ActiveCfg = Debug|Win32
		{EAFF4E83-1959-4075-AE9A-FEEBBF93DF10}.Debug|x86.Build.0 = Debug|Win32
		{EAFF4E83-1959-4075-AE9A-FEEBBF93DF10}.Release|x64.ActiveCfg = Release|x64
		{EAFF4E83-1959-4075-AE9A-FEEBBF93DF10}.Release|x64.Build.0 = Release|x64
		{EAFF4E83-1959-4075-AE9A-FEEBBF93DF10}.Release|x86.ActiveCfg = Release|Win32
		{EAFF4E83-1959-4075-AE9A-FEEBBF93DF10}.Release|x86.Build.0 = Release|Win32
		{800F9D78-132C-43D2-96A1-17F06B9FD341}.Debug|x64.ActiveCfg = Debug|x64
		{800F9D78-132C-43D2-96A1-17F06B9FD341}.Debug|x64.Build.0 = Debug|x64
		{800F9D78-132C-43D2-96A1-17F06B9FD341}.Debug|x86.ActiveCfg = Debug|Win32
		{800F9D78-132C-43D2-96A1-17F06B9FD341}.Debug|x86.Build.0 = Debug|Win32
		{800F9D78-132C-43D2-96A1-17F06B9FD341}.Release|x64.ActiveCfg = Release|x64
		{800F9D78-132C-43D2-96A1-17F06B9FD341}.Release|x64.Build.0 = Release|x64
		{800F9D78-132C-43D2-96A1-17F06B9FD341}.Release|x86.ActiveCfg = Release|Win32
		{800F9D78-132C-43D2-96A1-17F06B9FD341}.Release|x86.Build.0 = Release|Win32
		{33565458-AE99-4E7B-B8DE-EF9D1A4F8811}.Debug|x64.ActiveCfg = Debug|x64
		{33565458-AE99-4E7B-B8DE-EF9D1A4F8811}.Debug|x64.Build.0 = Debug|x64
		{33565458-AE99-4E7B-B8DE-EF9D1A4F8811}.Debug|x86.ActiveCfg = Debug|Win32
		{33565458-AE99-4E7B-B8DE-EF9D1A4F8811}.Debug|x86.Build.0 = Debug|Win32
		{33565458-AE99-4E7B-B8DE-EF9D1A4F8811}.Release|x64.ActiveCfg = Release|x64
		{33565458-AE99-4E7B-B8DE-EF9D1A4F8811}.Release|x64.Build.0 = Release|x64
		{33565458-AE99-4E7B-B8DE-EF9D1A4F8811}.Release|x86.ActiveCfg = Release|Win32
		{33565458-AE99-4E7B-B8DE-EF9D1A4F8811}.Release|x86.Build.0 = Release|Win32
		{6F865E09-66C2-4255-ADB6-DEBE934849CF}.Debug|x64.ActiveCfg = Debug|x64
		{6F865E09-66C2-4255-ADB6-DEBE934849CF}.Debug|x64.Build.0 = Debug|x64
		{6F865E09-66C2-4255-ADB6-DEBE934849CF}.Debug|x86.ActiveCfg = Debug|Win32
		{6F865E09-66C2-4255-ADB6-DEBE934849CF}.Debug|x86.Build.0 = Debug|Win32
		{6F865E09-66C2-4255-ADB6-DEBE934849CF}.Release|x64.ActiveCfg = Release|x64
		{6F865E09-66C2-4255-ADB6-DEBE934849CF}.Release|x64.Build.0 = Release|x64
		{6F865E09-66C2-4255-ADB6-DEBE934849CF}.Release|x86.ActiveCfg = Release|Win32
		{6F865E09-66C2-4255-ADB6-DEBE934849CF}.Release|x86.Build.0 = Release|Win32
		{F0372C44-FE9D-45B7-8260-F7A707BB3740}.Debug|x64.ActiveCfg = Debug|x64
		{F0372C44-FE9D-45B7-8260-F7A707BB3740}.Debug|x64.Build.0 = Debug|x64
		{F0372C44-FE9D-45B7-8260-F7A707BB3740}.Debug|x86.ActiveCfg = Debug|Win32
		{F0372C44-FE9D-45B7-8260-F7A707BB3740}.Debug|x86.Build.0 = Debug|Win32
		{F0372C44-FE9D-45B7-8260-F7A707BB3740}.Release|x64.ActiveCfg = Release|x64
		{F0372C44-FE9D-45B7-8260-F7A707BB3740}.Release|x64.Build.0 = Release|x64
		{F0372C44-FE9D-45B7-8260-F7A707BB3740}.Release|x86.ActiveCfg = Release|Win32
		{F0372C44-FE9D-45B7-8260-F7A707BB3740}.Release|x86.Build.0 = Release|Win32
		{154F8BC7-A72B-4D08-B59C-7B6A0A2AD16C}.Debug|x64.ActiveCfg = Debug|x64
		{154F8BC7-A72B-4D08-B59C-7B6A0A2AD16C}.Debug|x64.Build.0 = Debug|x64
		{154F8BC7-A72B-4D08-B59C-7B6A0A2AD16C}.Debug|x86.ActiveCfg = Debug|Win32
		{154F8BC7-A72B-4D08-B59C-7B6A0A2AD16C}.Debug|x86.Build.0 = Debug|Win32
		{154F8BC7-A72B-4D08-B59C-7B6A0A2AD16C}.Release|x64.ActiveCfg = Release|x64
		{154F8BC7-A72B-4D08-B59C-7B6A0A2AD16C}.Release|x64.Build.0 = Release|x64
		{154F8BC7-A72B-4D08-B59C-7B6A0A2AD16C}.Release|x86.ActiveCfg = Release|Win32
		{154F8BC7-A72B-4D08-B59C-7B6A0A2AD16C}.Release|x86.Build.0 = Release|Win32
		{1518B8E4-5BF1-420B-BA1F-3B36209967DF}.Debug|x64.ActiveCfg = Debug|x64
		{1518B8E4-5BF1-420B-BA1F-3B36209967DF}.Debug|x64.Build.0 = Debug|x64
		{1518B8E4-5BF1-420B-BA1F-3B36209967DF}.Debug|x86.ActiveCfg = Debug|Win32
		{1518B8E4-5BF1-420B-BA1F-3B36209967DF}.Debug|x86.Build.0 = Debug|Win32
		{1518B8E4-5BF1-420B-BA1F-3B36209967DF}.Release|x64.ActiveCfg = Release|x64
		{1518B8E4-5BF1-420B-BA1F-3B36209967DF}.Release|x64.Build.0 = Release|x64
		{1518B8E4-5BF1-420B-BA1F-3B36209967DF}.Release|x86.ActiveCfg = Release|Win32
		{1518B8E4-5BF1-420B-BA1F-3B36209967DF}.Release|x86.Build.0 = Release|Win32
		{8A7FCA67-47F3-4565-8CBF-FFB7E1A62E46}.Debug|x64.ActiveCfg = Debug|x64
		{8A7FCA67-47F3-4565-8CBF-FFB7E1A62E46}.Debug|x64.Build.0 = Debug|x64
		{8A7FCA67-47F3-4565-8CBF-FFB7E1A62E46}.Debug|x86.ActiveCfg = Debug|Win32
		{8A7FCA67-47F3-4565-8CBF-FFB7E1A62E46}.Debug|x86.Build.0 = Debug|Win32
		{8A7FCA67-47F3-4565-8CBF-FFB7E1A62E46}.Release|x64.ActiveCfg = Release|x64
		{8A7FCA67-47F3-4565-8CBF-FFB7E1A62E46}.Release|x64.Build.0 = Release|x64
		{8A7FCA67-47F3-4565-8CBF-FFB7E1A62E46}.Release|x86.ActiveCfg = Release|Win32
		{8A7FCA67-47F3-4565-8CBF-FFB7E1A62E46}.Release|x86.Build.0 = Release|Win32
		{7065C860-73E2-4261-9CCC-30F6CBA2397D}.Debug|x64.ActiveCfg = Debug|x64
		{7065C860-73E2-4261-9CCC-30F6CBA2397D}.Debug|x64.Build.0 = Debug|x64
		{7065C860-73E2-4261-9CCC-30F6CBA2397D}.Debug|x86.ActiveCfg = Debug|Win32
		{7065C860-73E2-4261-9CCC-30F6CBA2397D}.Debug|x86.Build.0 = Debug|Win32
		{7065C860-73E2-4261-9CCC-30F6CBA2397D}.Release|x64.ActiveCfg = Release|x64
		{7065C860-73E2-4261-9CCC-30F6CBA2397D}.Release|x64.Build.0 = Release|x64
		{7065C860-73E2-4261-9CCC-30F6CBA2397D}.Release|x86.ActiveCfg = Release|Win32
		{7065C860-73E2-4261-9CCC-30F6CBA2397D}.Release|x86.Build.0 = Release|Win32
		{A83D90D6-0F7D-4505-BBD0-EE450FEC87C7}.Debug|x64.ActiveCfg = Debug|x64
		{A83D90D6-0F7D-4505-BBD0-EE450FEC87C7}.Debug|x64.Build.0 = Debug|x64
		{A83D90D6-0F7D-4505-BBD0-EE450FEC87C7}.Debug|x86.ActiveCfg = Debug|Win32
		{A83D90D6-0F7D-4505-BBD0-EE450FEC87C7}.Debug|x86.Build.0 = Debug|Win32
		{A83D90D6-0F7D-4505-BBD0-EE450FEC87C7}.Release|x64.ActiveCfg = Release|x64
		{A83D90D6-0F7D-4505-BBD0-EE450FEC87C7}.Release|x64.Build.0 = Release|x64
		{A83D90D6-0F7D-4505-BBD0-EE450FEC87C7}.Release|x86.ActiveCfg = Release|Win32
		{A83D90D6-0F7D-4505-BBD0-EE450FEC87C7}.Release|x86.Build.0 = Release|Win32
		{4E8E3BE2-0EEC-41D1-8BAE-703DA55BF3C9}.Debug|x64.ActiveCfg = Debug|x64
		{4E8E3BE2-0EEC-41D1-8BAE-703DA55BF3C9}.Debug|x64.Build.0 = Debug|x64
		{4E8E3BE2-0EEC-41D1-8BAE-703DA55BF3C9}.Debug|x86.ActiveCfg = Debug|Win32
		{4E8E3BE2-0EEC-41D1-8BAE-703DA55BF3C9}.Debug|x86.Build.0 = Debug|Win32
		{4E8E3BE2-0EEC-41D1-8BAE-703DA55BF3C9}.Release|x64.ActiveCfg = Release|x64
		{4E8E3BE2-0EEC-41D1-8BAE-703DA55BF3C9}.Release|x64.Build.0 = Release|x64
		{4E8E3BE2-0EEC-41D1-8BAE-703DA55BF3C9}.Release|x86.ActiveCfg = Release|Win32
		{4E8E3BE2-0EEC-41D1-8BAE-703DA55BF3C9}.Release|x86.Build.0 = Release|Win32
	EndGlobalSection
	GlobalSection(SolutionProperties) = preSolution
		HideSolutionNode = FALSE
	EndGlobalSection
	GlobalSection(NestedProjects) = preSolution
		{BB47F42C-E239-4DFC-873F-02E7F9F31463} = {B6CE598F-F023-416E-B53B-F38DCF6F2D70}
		{4F7BF786-4D2C-4F16-91EE-8F9A0FF91FA8} = {B6CE598F-F023-416E-B53B-F38DCF6F2D70}
		{0BBB9468-118F-416F-9AF2-87143714CB68} = {B6CE598F-F023-416E-B53B-F38DCF6F2D70}
		{35D30F01-DA2F-409C-84E4-F6A9F6DEB62F} = {E4E5669E-D700-4149-8C94-2B1EB863AF85}
		{88F68860-DA32-4664-AB8D-7C6D4A1DC928} = {E4E5669E-D700-4149-8C94-2B1EB863AF85}
		{3277E658-81D5-4719-8CD9-532C6E0CAC7E} = {E4E5669E-D700-4149-8C94-2B1EB863AF85}
		{18AE225F-6E23-4F75-B1BD-02F6EB393DA6} = {E4E5669E-D700-4149-8C94-2B1EB863AF85}
		{C6B97EAA-0204-4FEE-B89F-A0A009CDADF2} = {E4E5669E-D700-4149-8C94-2B1EB863AF85}
		{C705B226-50A6-4472-9C5F-062AFB59C961} = {2DF226F4-DB50-4FAA-8696-F0C1A7CF7D1D}
		{2B83F9CB-2F98-4B92-A677-5BC6D5F42B12} = {2DF226F4-DB50-4FAA-8696-F0C1A7CF7D1D}
		{EAFF4E83-1959-4075-AE9A-FEEBBF93DF10} = {2DF226F4-DB50-4FAA-8696-F0C1A7CF7D1D}
		{800F9D78-132C-43D2-96A1-17F06B9FD341} = {6B8F4ADD-5831-4D80-9211-A6BB2E2142D8}
		{33565458-AE99-4E7B-B8DE-EF9D1A4F8811} = {6B8F4ADD-5831-4D80-9211-A6BB2E2142D8}
		{6F865E09-66C2-4255-ADB6-DEBE934849CF} = {6B8F4ADD-5831-4D80-9211-A6BB2E2142D8}
		{F0372C44-FE9D-45B7-8260-F7A707BB3740} = {6B8F4ADD-5831-4D80-9211-A6BB2E2142D8}
		{154F8BC7-A72B-4D08-B59C-7B6A0A2AD16C} = {F689DB97-58A6-4EC7-9B56-0B8611C1510A}
		{1518B8E4-5BF1-420B-BA1F-3B36209967DF} = {F689DB97-58A6-4EC7-9B56-0B8611C1510A}
		{8A7FCA67-47F3-4565-8CBF-FFB7E1A62E46} = {F689DB97-58A6-4EC7-9B56-0B8611C1510A}
		{7065C860-73E2-4261-9CCC-30F6CBA2397D} = {188CC262-AAE3-4142-A897-74FA35730CC8}
		{A83D90D6-0F7D-4505-BBD0-EE450FEC87C7} = {188CC262-AAE3-4142-A897-74FA35730CC8}
		{4E8E3BE2-0EEC-41D1-8BAE-703DA55BF3C9} = {188CC262-AAE3-4142-A897-74FA35730CC8}
	EndGlobalSection
	GlobalSection(ExtensibilityGlobals) = postSolution
		SolutionGuid = {B59295F7-485E-4E18-A26D-9C66C274AAC6}
	EndGlobalSection
EndGlobal
