
Microsoft Visual Studio Solution File, Format Version 12.00
# Visual Studio Version 17
VisualStudioVersion = 17.9.34723.18
MinimumVisualStudioVersion = 10.0.40219.1
Project("{2150E333-8FDC-42A3-9474-1A3956D46DE8}") = "CPP 01", "CPP 01", "{B6CE598F-F023-416E-B53B-F38DCF6F2D70}"
EndProject
Project("{8BC9CEB8-8B4A-11D0-8D11-00A0C91BC942}") = "CPP 01. Escape sequences", "CPP 01. Escape sequences\CPP 01. Escape sequences.vcxproj", "{BB47F42C-E239-4DFC-873F-02E7F9F31463}"
EndProject
Project("{8BC9CEB8-8B4A-11D0-8D11-00A0C91BC942}") = "CPP 01. First project", "CPP 01. First project\First project.vcxproj", "{4F7BF786-4D2C-4F16-91EE-8F9A0FF91FA8}"
EndProject
Project("{8BC9CEB8-8B4A-11D0-8D11-00A0C91BC942}") = "CPP 01. Datatypes", "CPP 01. Datatypes\CPP 01. Datatypes.vcxproj", "{0BBB9468-118F-416F-9AF2-87143714CB68}"
EndProject
Project("{2150E333-8FDC-42A3-9474-1A3956D46DE8}") = "CPP 02", "CPP 02", "{E4E5669E-D700-4149-8C94-2B1EB863AF85}"
EndProject
Project("{8BC9CEB8-8B4A-11D0-8D11-00A0C91BC942}") = "CPP 02. Constant variables", "CPP 02. Constant variables\CPP 02. Constant variables.vcxproj", "{35D30F01-DA2F-409C-84E4-F6A9F6DEB62F}"
EndProject
Project("{8BC9CEB8-8B4A-11D0-8D11-00A0C91BC942}") = "CPP 02. Unsigned variables", "CPP 02. Unsigned variables\CPP 02. Unsigned variables.vcxproj", "{88F68860-DA32-4664-AB8D-7C6D4A1DC928}"
EndProject
Project("{8BC9CEB8-8B4A-11D0-8D11-00A0C91BC942}") = "CPP 02. Operators", "CPP 02. Operators\CPP 02. Operators.vcxproj", "{3277E658-81D5-4719-8CD9-532C6E0CAC7E}"
EndProject
Project("{8BC9CEB8-8B4A-11D0-8D11-00A0C91BC942}") = "CPP 02. Typecasting", "CPP 02. Typecasting\CPP 02. Typecasting.vcxproj", "{18AE225F-6E23-4F75-B1BD-02F6EB393DA6}"
EndProject
Project("{8BC9CEB8-8B4A-11D0-8D11-00A0C91BC942}") = "CPP 02. input data", "CPP 02. input data\CPP 02. input data.vcxproj", "{C6B97EAA-0204-4FEE-B89F-A0A009CDADF2}"
EndProject
Project("{2150E333-8FDC-42A3-9474-1A3956D46DE8}") = "CPP 03", "CPP 03", "{2DF226F4-DB50-4FAA-8696-F0C1A7CF7D1D}"
EndProject
Project("{8BC9CEB8-8B4A-11D0-8D11-00A0C91BC942}") = "CPP 03. Comparison operators", "CPP 03. Comparison operators\CPP 03. Comparison operators.vcxproj", "{C705B226-50A6-4472-9C5F-062AFB59C961}"
EndProject
Project("{8BC9CEB8-8B4A-11D0-8D11-00A0C91BC942}") = "CPP 03. Initialize methods", "CPP 03. Initialize methods\CPP 03. Initialize methods.vcxproj", "{2B83F9CB-2F98-4B92-A677-5BC6D5F42B12}"
EndProject
Project("{8BC9CEB8-8B4A-11D0-8D11-00A0C91BC942}") = "CPP 03. if, else else if", "CPP 03. if, else else if\CPP 03. if, else else if.vcxproj", "{EAFF4E83-1959-4075-AE9A-FEEBBF93DF10}"
EndProject
Project("{2150E333-8FDC-42A3-9474-1A3956D46DE8}") = "CPP 04", "CPP 04", "{6B8F4ADD-5831-4D80-9211-A6BB2E2142D8}"
EndProject
Project("{8BC9CEB8-8B4A-11D0-8D11-00A0C91BC942}") = "CPP 04. logical operators", "CPP 04. logical operators\CPP 04. logical operators.vcxproj", "{800F9D78-132C-43D2-96A1-17F06B9FD341}"
EndProject
Project("{8BC9CEB8-8B4A-11D0-8D11-00A0C91BC942}") = "CPP 04. Ternary operator", "CPP 04. Ternary operator\CPP 04. Ternary operator.vcxproj", "{33565458-AE99-4E7B-B8DE-EF9D1A4F8811}"
EndProject
Project("{8BC9CEB8-8B4A-11D0-8D11-00A0C91BC942}") = "CPP 04. switch case", "CPP 04. switch case\CPP 04. switch case.vcxproj", "{6F865E09-66C2-4255-ADB6-DEBE934849CF}"
EndProject
Project("{8BC9CEB8-8B4A-11D0-8D11-00A0C91BC942}") = "CPP 04. enum vs switch", "CPP 04. enum vs switch\CPP 04. enum vs switch.vcxproj", "{F0372C44-FE9D-45B7-8260-F7A707BB3740}"
EndProject
Project("{2150E333-8FDC-42A3-9474-1A3956D46DE8}") = "CPP 05", "CPP 05", "{F689DB97-58A6-4EC7-9B56-0B8611C1510A}"
EndProject
Project("{8BC9CEB8-8B4A-11D0-8D11-00A0C91BC942}") = "CPP 05. Loops while", "CPP 05. Loops while\CPP 05. Loops while.vcxproj", "{154F8BC7-A72B-4D08-B59C-7B6A0A2AD16C}"
EndProject
Project("{8BC9CEB8-8B4A-11D0-8D11-00A0C91BC942}") = "CPP 05. do while", "CPP 05. do while\CPP 05. do while.vcxproj", "{1518B8E4-5BF1-420B-BA1F-3B36209967DF}"
EndProject
Project("{8BC9CEB8-8B4A-11D0-8D11-00A0C91BC942}") = "CPP 05. for", "CPP 05. for\CPP 05. for.vcxproj", "{8A7FCA67-47F3-4565-8CBF-FFB7E1A62E46}"
EndProject
Project("{8BC9CEB8-8B4A-11D0-8D11-00A0C91BC942}") = "CPP 06. break, continue", "CPP 06. break, continue\CPP 06. break, continue.vcxproj", "{7065C860-73E2-4261-9CCC-30F6CBA2397D}"
EndProject
Project("{8BC9CEB8-8B4A-11D0-8D11-00A0C91BC942}") = "CPP 06. Arrays", "CPP 06. Arrays\CPP 06. Arrays.vcxproj", "{A83D90D6-0F7D-4505-BBD0-EE450FEC87C7}"
EndProject
Project("{2150E333-8FDC-42A3-9474-1A3956D46DE8}") = "CPP 06", "CPP 06", "{188CC262-AAE3-4142-A897-74FA35730CC8}"
EndProject
Project("{8BC9CEB8-8B4A-11D0-8D11-00A0C91BC942}") = "CPP 06. random fill", "CPP 06. random fill\CPP 06. random fill.vcxproj", "{4E8E3BE2-0EEC-41D1-8BAE-703DA55BF3C9}"
EndProject
Project("{2150E333-8FDC-42A3-9474-1A3956D46DE8}") = "CPP 07", "CPP 07", "{DA3C135D-9D80-4AF8-B546-A75C3171D204}"
EndProject
Project("{8BC9CEB8-8B4A-11D0-8D11-00A0C91BC942}") = "CPP 07. Search algorithms", "CPP 07. Search algorithms\CPP 07. Search algorithms.vcxproj", "{C1786571-5C81-446F-81B5-8898A9A5C5C6}"
EndProject
Project("{8BC9CEB8-8B4A-11D0-8D11-00A0C91BC942}") = "CPP 07. Sorting algorithms", "CPP 07. Sorting algorithms\CPP 07. Sorting algorithms.vcxproj", "{63BB60D5-155F-454A-A505-9C69F72BDAD4}"
EndProject
Project("{2150E333-8FDC-42A3-9474-1A3956D46DE8}") = "CPP 08", "CPP 08", "{555AB86F-BC01-4340-AD15-52D779822824}"
EndProject
Project("{8BC9CEB8-8B4A-11D0-8D11-00A0C91BC942}") = "CPP 08. Multidimensional arrays", "CPP 08. Multidimensional arrays\CPP 08. Multidimensional arrays.vcxproj", "{91390EEC-808E-47CC-A4D9-2EE12E82D7BA}"
EndProject
Project("{2150E333-8FDC-42A3-9474-1A3956D46DE8}") = "CPP 09", "CPP 09", "{33E900F7-A588-4A6B-92FE-469007476CC1}"
EndProject
Project("{8BC9CEB8-8B4A-11D0-8D11-00A0C91BC942}") = "CPP 09. Functions", "CPP 09. Functions\CPP 09. Functions.vcxproj", "{0D2C9775-8023-4929-9BF7-9716345D0D41}"
EndProject
Project("{8BC9CEB8-8B4A-11D0-8D11-00A0C91BC942}") = "CPP 09. Scope zones", "CPP 09. Scope zones\CPP 09. Scope zones.vcxproj", "{4E711F8E-3B91-4F52-9E85-3CF83431B179}"
EndProject
Project("{8BC9CEB8-8B4A-11D0-8D11-00A0C91BC942}") = "CPP 09. Arrays in functions", "CPP 09. Arrays in functions\CPP 09. Arrays in functions.vcxproj", "{4F743331-7E59-4245-A5BC-E4C407FB0721}"
EndProject
Project("{2150E333-8FDC-42A3-9474-1A3956D46DE8}") = "CPP 10", "CPP 10", "{7EF3BE9C-0AA7-4EA2-86FA-ADCC22147299}"
EndProject
Project("{8BC9CEB8-8B4A-11D0-8D11-00A0C91BC942}") = "CPP 10. Default parameters", "CPP 10. Default parameters\CPP 10. Default parameters.vcxproj", "{F9563650-C7F7-4748-BE3E-0B0B0169D131}"
EndProject
Project("{8BC9CEB8-8B4A-11D0-8D11-00A0C91BC942}") = "CPP 10. Functions protoype", "CPP 10. Functions protoype\CPP 10. Functions protoype.vcxproj", "{736AC5B2-1240-4A95-8A27-02A5E8AF4059}"
EndProject
Project("{8BC9CEB8-8B4A-11D0-8D11-00A0C91BC942}") = "CPP 10. function overloading", "CPP 10. function overloading\CPP 10. function overloading.vcxproj", "{B93C623A-D9FE-4924-B6E4-314181F55416}"
EndProject
Project("{8BC9CEB8-8B4A-11D0-8D11-00A0C91BC942}") = "CPP 10. Template functions", "CPP 10. Template functions\CPP 10. Template functions.vcxproj", "{929F9759-1569-4047-9F91-948B47F2703A}"
EndProject
Project("{2150E333-8FDC-42A3-9474-1A3956D46DE8}") = "CPP 12", "CPP 12", "{4E3C131D-4880-4CEE-A9AF-A4C212A348B8}"
EndProject
Project("{2150E333-8FDC-42A3-9474-1A3956D46DE8}") = "CPP 11", "CPP 11", "{33F7A2CD-CC37-449A-A1D8-FE816C574B1B}"
EndProject
Project("{8BC9CEB8-8B4A-11D0-8D11-00A0C91BC942}") = "CPP 11. Recursion", "CPP 11. Recursion\CPP 11. Recursion.vcxproj", "{15FA8771-4BEE-4632-A8E2-3931C14F03B2}"
EndProject
Project("{8BC9CEB8-8B4A-11D0-8D11-00A0C91BC942}") = "CPP 11. Quick sort", "CPP 11. Quick sort\CPP 11. Quick sort.vcxproj", "{EA85D0B4-A9E6-4DD5-A471-082981140E13}"
EndProject
Project("{8BC9CEB8-8B4A-11D0-8D11-00A0C91BC942}") = "CPP 12. Pointers", "CPP 12. Pointers\CPP 12. Pointers.vcxproj", "{35D3A058-7806-4081-8AEE-EFBCF57EE058}"
EndProject
Project("{8BC9CEB8-8B4A-11D0-8D11-00A0C91BC942}") = "CPP 12. Pointer and functions", "CPP 12. Pointer and functions\CPP 12. Pointer and functions.vcxproj", "{26CA9E62-576C-4443-B9D3-FDDCCCE7B905}"
EndProject
Project("{8BC9CEB8-8B4A-11D0-8D11-00A0C91BC942}") = "CPP 12. pointers and arrays", "CPP 12. pointers and arrays\CPP 12. pointers and arrays.vcxproj", "{5B33EE75-DFB8-46BB-BB93-082B7F8C3033}"
EndProject
Project("{2150E333-8FDC-42A3-9474-1A3956D46DE8}") = "CPP 13", "CPP 13", "{E07DD491-0D84-4344-9ED7-65132E5F2C52}"
EndProject
Project("{8BC9CEB8-8B4A-11D0-8D11-00A0C91BC942}") = "CPP 13. Pointer arithmetics", "CPP 13. Pointer arithmetics\CPP 13. Pointer arithmetics.vcxproj", "{46FA6414-EEC5-4446-A06C-760142031A4D}"
EndProject
Project("{8BC9CEB8-8B4A-11D0-8D11-00A0C91BC942}") = "CPP 13. Reference", "CPP 13. Reference\CPP 13. Reference.vcxproj", "{2CEDEB17-8660-4FAA-8CBF-77FD55A1B357}"
EndProject
Project("{8BC9CEB8-8B4A-11D0-8D11-00A0C91BC942}") = "CPP 13. Dynamic arrays", "CPP 13. Dynamic arrays\CPP 13. Dynamic arrays.vcxproj", "{8F552A45-6963-423B-9CCF-B9AA33BDC2F9}"
EndProject
Project("{2150E333-8FDC-42A3-9474-1A3956D46DE8}") = "CPP 14", "CPP 14", "{E2491A61-08C3-45AD-B903-AFAB7D32F764}"
EndProject
Project("{8BC9CEB8-8B4A-11D0-8D11-00A0C91BC942}") = "CPP 14. C strings", "CPP 14. C strings\CPP 14. C strings.vcxproj", "{9B2E214C-8DA9-434F-A9A6-462DCEF69D55}"
EndProject
Project("{8BC9CEB8-8B4A-11D0-8D11-00A0C91BC942}") = "CPP 14. C string functions", "CPP 14. C string functions\CPP 14. C string functions.vcxproj", "{744A2FD0-06C2-4130-ABF9-0AC4B99DCFC6}"
EndProject
Project("{2150E333-8FDC-42A3-9474-1A3956D46DE8}") = "CPP 15", "CPP 15", "{9C72EFEA-A779-4A65-9E71-9AD8621C305A}"
EndProject
Project("{8BC9CEB8-8B4A-11D0-8D11-00A0C91BC942}") = "CPP 15. C String functions part 2", "CPP 15. C String functions part 2\CPP 15. C String functions part 2.vcxproj", "{6CB3BFAA-EA9B-4D08-88A5-C048EF12421C}"
EndProject
Project("{8BC9CEB8-8B4A-11D0-8D11-00A0C91BC942}") = "CPP 15. Symbol input output example", "CPP 15. Symbol input output example\CPP 15. Symbol input output example.vcxproj", "{5CF4BDCB-27F5-4B2D-8379-267C100F6A2A}"
EndProject
Project("{2150E333-8FDC-42A3-9474-1A3956D46DE8}") = "CPP 16", "CPP 16", "{247374AA-CE08-4489-AC9E-5EABAE5C36CB}"
EndProject
Project("{8BC9CEB8-8B4A-11D0-8D11-00A0C91BC942}") = "CPP 16. Pointer to pointer", "CPP 16. Pointer to pointer\CPP 16. Pointer to pointer.vcxproj", "{D7EDA915-4273-4E6A-944F-7FC36A4BC677}"
EndProject
Project("{8BC9CEB8-8B4A-11D0-8D11-00A0C91BC942}") = "CPP 16. Multi Dimnsional Dynamic arrays", "CPP 16. Multi Dimnsional Dynamic arrays\CPP 16. Multi Dimnsional Dynamic arrays.vcxproj", "{21DD926B-D887-45C8-AA27-116395052B02}"
EndProject
Project("{8BC9CEB8-8B4A-11D0-8D11-00A0C91BC942}") = "CPP 16. Jagged array", "CPP 16. Jagged array\CPP 16. Jagged array.vcxproj", "{0FA33039-5EF5-4AC8-8879-3083B7FD5466}"
EndProject
Project("{2150E333-8FDC-42A3-9474-1A3956D46DE8}") = "CPP 17", "CPP 17", "{1C29B53A-798E-4513-AEE3-F1F969E71877}"
EndProject
Project("{8BC9CEB8-8B4A-11D0-8D11-00A0C91BC942}") = "CPP 17. Structs", "CPP 17. Structs\CPP 17. Structs.vcxproj", "{F1FBD730-69B0-4D5A-853A-3E7B02E567E6}"
EndProject
Project("{8BC9CEB8-8B4A-11D0-8D11-00A0C91BC942}") = "CPP 17. Struct allignment", "CPP 17. Struct alligment\CPP 17. Struct alligment.vcxproj", "{6BB50656-55D9-4A2C-95CB-54331C9549CE}"
EndProject
Project("{2150E333-8FDC-42A3-9474-1A3956D46DE8}") = "CPP 18", "CPP 18", "{73B9BA7D-53C5-434F-80C7-7A156FC991DC}"
EndProject
Project("{8BC9CEB8-8B4A-11D0-8D11-00A0C91BC942}") = "CPP 18. Bitwise operators", "CPP 18. Bitwise operators\CPP 18. Bitwise operators.vcxproj", "{BE226C03-87EA-4648-BD42-241F6298332E}"
EndProject
Project("{2150E333-8FDC-42A3-9474-1A3956D46DE8}") = "CPP 19", "CPP 19", "{9AA8783E-A774-47C7-8FA9-7E93B3C582B3}"
EndProject
Project("{8BC9CEB8-8B4A-11D0-8D11-00A0C91BC942}") = "CPP 19. Bit fields", "CPP 19. Bit fields\CPP 19. Bit fields.vcxproj", "{49DC33E6-5650-4AFB-8020-ECCEB397421D}"
EndProject
Project("{8BC9CEB8-8B4A-11D0-8D11-00A0C91BC942}") = "CPP 19. Union", "CPP 19. Union\CPP 19. Union.vcxproj", "{DD013F48-B7CB-4BB1-9466-C095924ACFBA}"
EndProject
Project("{8BC9CEB8-8B4A-11D0-8D11-00A0C91BC942}") = "CPP 19. Preprocessor", "CPP 19. Preprocessor\CPP 19. Preprocessor.vcxproj", "{2DEDD603-D62B-4075-A3B4-DDB3D1E7D7F0}"
EndProject
Project("{2150E333-8FDC-42A3-9474-1A3956D46DE8}") = "CPP 20", "CPP 20", "{35343C57-78E7-4CFC-AE9F-00897AFF6E96}"
EndProject
Project("{8BC9CEB8-8B4A-11D0-8D11-00A0C91BC942}") = "CPP 20. Struct instance in struct", "CPP 20. Struct instance in struct\CPP 20. Struct instance in struct.vcxproj", "{3BCA3362-62C9-4A6C-8BEA-3A31FA706652}"
EndProject
Project("{8BC9CEB8-8B4A-11D0-8D11-00A0C91BC942}") = "CPP 20. Pointer to functions", "CPP 20. Pointer to functions\CPP 20. Pointer to functions.vcxproj", "{1E273590-3C3E-4026-B4A9-B6E189DF2912}"
EndProject
Project("{2150E333-8FDC-42A3-9474-1A3956D46DE8}") = "CPP 21", "CPP 21", "{9F1265A4-E84D-43A7-88F9-ADC397D249AD}"
EndProject
Project("{8BC9CEB8-8B4A-11D0-8D11-00A0C91BC942}") = "CPP 21. Files", "CPP 21. Files\CPP 21. Files.vcxproj", "{73545B0E-0377-4A1A-A2E9-9FC0BE1E6FE6}"
EndProject
Project("{2150E333-8FDC-42A3-9474-1A3956D46DE8}") = "CPP 22", "CPP 22", "{95D5B5F3-5C90-40C2-BC1B-984ED623CB73}"
EndProject
Project("{8BC9CEB8-8B4A-11D0-8D11-00A0C91BC942}") = "CPP 22. Colors", "CPP 22. Colors\CPP 22. Colors.vcxproj", "{EB34935F-64CC-4AA4-B6C9-FC40CFE8AE49}"
EndProject
Project("{2150E333-8FDC-42A3-9474-1A3956D46DE8}") = "CPP 23", "CPP 23", "{A8DCE0D3-D95E-4551-90D1-389970E1BFF0}"
EndProject
Project("{8BC9CEB8-8B4A-11D0-8D11-00A0C91BC942}") = "CPP 23. OOP Intro", "CPP 23. OOP Intro\CPP 23. OOP Intro.vcxproj", "{3743AAE3-687F-4D49-BD1C-9C847FF67809}"
EndProject
Project("{8BC9CEB8-8B4A-11D0-8D11-00A0C91BC942}") = "CPP 24. Class member field, class member methods", "CPP 24. Class member field, class member methods\CPP 24. Class member field, class member methods.vcxproj", "{B70894D2-02BE-47D6-964E-C11E92E1DF3C}"
EndProject
Project("{8BC9CEB8-8B4A-11D0-8D11-00A0C91BC942}") = "CPP 24. Encapsulation", "CPP 24. Encapsulation\CPP 24. Encapsulation.vcxproj", "{9908D3AF-3336-4BE8-A257-9BFE1F498C61}"
EndProject
Project("{2150E333-8FDC-42A3-9474-1A3956D46DE8}") = "CPP 24", "CPP 24", "{94245889-4771-4850-91DD-C44CE6AA903F}"
EndProject
Project("{8BC9CEB8-8B4A-11D0-8D11-00A0C91BC942}") = "CPP 24. Constructor", "CPP 24. Constructor\CPP 24. Constructor.vcxproj", "{A2E5068E-7B29-4C2E-86E4-8F2B875559B0}"
EndProject
Project("{8BC9CEB8-8B4A-11D0-8D11-00A0C91BC942}") = "CPP 24. Destructor", "CPP 24. Destructor\CPP 24. Destructor.vcxproj", "{AA168155-ED1B-4111-AF13-01BCD2E613DD}"
EndProject
Global
	GlobalSection(SolutionConfigurationPlatforms) = preSolution
		Debug|Any CPU = Debug|Any CPU
		Debug|x64 = Debug|x64
		Debug|x86 = Debug|x86
		Release|Any CPU = Release|Any CPU
		Release|x64 = Release|x64
		Release|x86 = Release|x86
	EndGlobalSection
	GlobalSection(ProjectConfigurationPlatforms) = postSolution
		{BB47F42C-E239-4DFC-873F-02E7F9F31463}.Debug|Any CPU.ActiveCfg = Debug|x64
		{BB47F42C-E239-4DFC-873F-02E7F9F31463}.Debug|Any CPU.Build.0 = Debug|x64
		{BB47F42C-E239-4DFC-873F-02E7F9F31463}.Debug|x64.ActiveCfg = Debug|x64
		{BB47F42C-E239-4DFC-873F-02E7F9F31463}.Debug|x64.Build.0 = Debug|x64
		{BB47F42C-E239-4DFC-873F-02E7F9F31463}.Debug|x86.ActiveCfg = Debug|Win32
		{BB47F42C-E239-4DFC-873F-02E7F9F31463}.Debug|x86.Build.0 = Debug|Win32
		{BB47F42C-E239-4DFC-873F-02E7F9F31463}.Release|Any CPU.ActiveCfg = Release|x64
		{BB47F42C-E239-4DFC-873F-02E7F9F31463}.Release|Any CPU.Build.0 = Release|x64
		{BB47F42C-E239-4DFC-873F-02E7F9F31463}.Release|x64.ActiveCfg = Release|x64
		{BB47F42C-E239-4DFC-873F-02E7F9F31463}.Release|x64.Build.0 = Release|x64
		{BB47F42C-E239-4DFC-873F-02E7F9F31463}.Release|x86.ActiveCfg = Release|Win32
		{BB47F42C-E239-4DFC-873F-02E7F9F31463}.Release|x86.Build.0 = Release|Win32
		{4F7BF786-4D2C-4F16-91EE-8F9A0FF91FA8}.Debug|Any CPU.ActiveCfg = Debug|x64
		{4F7BF786-4D2C-4F16-91EE-8F9A0FF91FA8}.Debug|Any CPU.Build.0 = Debug|x64
		{4F7BF786-4D2C-4F16-91EE-8F9A0FF91FA8}.Debug|x64.ActiveCfg = Debug|x64
		{4F7BF786-4D2C-4F16-91EE-8F9A0FF91FA8}.Debug|x64.Build.0 = Debug|x64
		{4F7BF786-4D2C-4F16-91EE-8F9A0FF91FA8}.Debug|x86.ActiveCfg = Debug|Win32
		{4F7BF786-4D2C-4F16-91EE-8F9A0FF91FA8}.Debug|x86.Build.0 = Debug|Win32
		{4F7BF786-4D2C-4F16-91EE-8F9A0FF91FA8}.Release|Any CPU.ActiveCfg = Release|x64
		{4F7BF786-4D2C-4F16-91EE-8F9A0FF91FA8}.Release|Any CPU.Build.0 = Release|x64
		{4F7BF786-4D2C-4F16-91EE-8F9A0FF91FA8}.Release|x64.ActiveCfg = Release|x64
		{4F7BF786-4D2C-4F16-91EE-8F9A0FF91FA8}.Release|x64.Build.0 = Release|x64
		{4F7BF786-4D2C-4F16-91EE-8F9A0FF91FA8}.Release|x86.ActiveCfg = Release|Win32
		{4F7BF786-4D2C-4F16-91EE-8F9A0FF91FA8}.Release|x86.Build.0 = Release|Win32
		{0BBB9468-118F-416F-9AF2-87143714CB68}.Debug|Any CPU.ActiveCfg = Debug|x64
		{0BBB9468-118F-416F-9AF2-87143714CB68}.Debug|Any CPU.Build.0 = Debug|x64
		{0BBB9468-118F-416F-9AF2-87143714CB68}.Debug|x64.ActiveCfg = Debug|x64
		{0BBB9468-118F-416F-9AF2-87143714CB68}.Debug|x64.Build.0 = Debug|x64
		{0BBB9468-118F-416F-9AF2-87143714CB68}.Debug|x86.ActiveCfg = Debug|Win32
		{0BBB9468-118F-416F-9AF2-87143714CB68}.Debug|x86.Build.0 = Debug|Win32
		{0BBB9468-118F-416F-9AF2-87143714CB68}.Release|Any CPU.ActiveCfg = Release|x64
		{0BBB9468-118F-416F-9AF2-87143714CB68}.Release|Any CPU.Build.0 = Release|x64
		{0BBB9468-118F-416F-9AF2-87143714CB68}.Release|x64.ActiveCfg = Release|x64
		{0BBB9468-118F-416F-9AF2-87143714CB68}.Release|x64.Build.0 = Release|x64
		{0BBB9468-118F-416F-9AF2-87143714CB68}.Release|x86.ActiveCfg = Release|Win32
		{0BBB9468-118F-416F-9AF2-87143714CB68}.Release|x86.Build.0 = Release|Win32
		{35D30F01-DA2F-409C-84E4-F6A9F6DEB62F}.Debug|Any CPU.ActiveCfg = Debug|x64
		{35D30F01-DA2F-409C-84E4-F6A9F6DEB62F}.Debug|Any CPU.Build.0 = Debug|x64
		{35D30F01-DA2F-409C-84E4-F6A9F6DEB62F}.Debug|x64.ActiveCfg = Debug|x64
		{35D30F01-DA2F-409C-84E4-F6A9F6DEB62F}.Debug|x64.Build.0 = Debug|x64
		{35D30F01-DA2F-409C-84E4-F6A9F6DEB62F}.Debug|x86.ActiveCfg = Debug|Win32
		{35D30F01-DA2F-409C-84E4-F6A9F6DEB62F}.Debug|x86.Build.0 = Debug|Win32
		{35D30F01-DA2F-409C-84E4-F6A9F6DEB62F}.Release|Any CPU.ActiveCfg = Release|x64
		{35D30F01-DA2F-409C-84E4-F6A9F6DEB62F}.Release|Any CPU.Build.0 = Release|x64
		{35D30F01-DA2F-409C-84E4-F6A9F6DEB62F}.Release|x64.ActiveCfg = Release|x64
		{35D30F01-DA2F-409C-84E4-F6A9F6DEB62F}.Release|x64.Build.0 = Release|x64
		{35D30F01-DA2F-409C-84E4-F6A9F6DEB62F}.Release|x86.ActiveCfg = Release|Win32
		{35D30F01-DA2F-409C-84E4-F6A9F6DEB62F}.Release|x86.Build.0 = Release|Win32
		{88F68860-DA32-4664-AB8D-7C6D4A1DC928}.Debug|Any CPU.ActiveCfg = Debug|x64
		{88F68860-DA32-4664-AB8D-7C6D4A1DC928}.Debug|Any CPU.Build.0 = Debug|x64
		{88F68860-DA32-4664-AB8D-7C6D4A1DC928}.Debug|x64.ActiveCfg = Debug|x64
		{88F68860-DA32-4664-AB8D-7C6D4A1DC928}.Debug|x64.Build.0 = Debug|x64
		{88F68860-DA32-4664-AB8D-7C6D4A1DC928}.Debug|x86.ActiveCfg = Debug|Win32
		{88F68860-DA32-4664-AB8D-7C6D4A1DC928}.Debug|x86.Build.0 = Debug|Win32
		{88F68860-DA32-4664-AB8D-7C6D4A1DC928}.Release|Any CPU.ActiveCfg = Release|x64
		{88F68860-DA32-4664-AB8D-7C6D4A1DC928}.Release|Any CPU.Build.0 = Release|x64
		{88F68860-DA32-4664-AB8D-7C6D4A1DC928}.Release|x64.ActiveCfg = Release|x64
		{88F68860-DA32-4664-AB8D-7C6D4A1DC928}.Release|x64.Build.0 = Release|x64
		{88F68860-DA32-4664-AB8D-7C6D4A1DC928}.Release|x86.ActiveCfg = Release|Win32
		{88F68860-DA32-4664-AB8D-7C6D4A1DC928}.Release|x86.Build.0 = Release|Win32
		{3277E658-81D5-4719-8CD9-532C6E0CAC7E}.Debug|Any CPU.ActiveCfg = Debug|x64
		{3277E658-81D5-4719-8CD9-532C6E0CAC7E}.Debug|Any CPU.Build.0 = Debug|x64
		{3277E658-81D5-4719-8CD9-532C6E0CAC7E}.Debug|x64.ActiveCfg = Debug|x64
		{3277E658-81D5-4719-8CD9-532C6E0CAC7E}.Debug|x64.Build.0 = Debug|x64
		{3277E658-81D5-4719-8CD9-532C6E0CAC7E}.Debug|x86.ActiveCfg = Debug|Win32
		{3277E658-81D5-4719-8CD9-532C6E0CAC7E}.Debug|x86.Build.0 = Debug|Win32
		{3277E658-81D5-4719-8CD9-532C6E0CAC7E}.Release|Any CPU.ActiveCfg = Release|x64
		{3277E658-81D5-4719-8CD9-532C6E0CAC7E}.Release|Any CPU.Build.0 = Release|x64
		{3277E658-81D5-4719-8CD9-532C6E0CAC7E}.Release|x64.ActiveCfg = Release|x64
		{3277E658-81D5-4719-8CD9-532C6E0CAC7E}.Release|x64.Build.0 = Release|x64
		{3277E658-81D5-4719-8CD9-532C6E0CAC7E}.Release|x86.ActiveCfg = Release|Win32
		{3277E658-81D5-4719-8CD9-532C6E0CAC7E}.Release|x86.Build.0 = Release|Win32
		{18AE225F-6E23-4F75-B1BD-02F6EB393DA6}.Debug|Any CPU.ActiveCfg = Debug|x64
		{18AE225F-6E23-4F75-B1BD-02F6EB393DA6}.Debug|Any CPU.Build.0 = Debug|x64
		{18AE225F-6E23-4F75-B1BD-02F6EB393DA6}.Debug|x64.ActiveCfg = Debug|x64
		{18AE225F-6E23-4F75-B1BD-02F6EB393DA6}.Debug|x64.Build.0 = Debug|x64
		{18AE225F-6E23-4F75-B1BD-02F6EB393DA6}.Debug|x86.ActiveCfg = Debug|Win32
		{18AE225F-6E23-4F75-B1BD-02F6EB393DA6}.Debug|x86.Build.0 = Debug|Win32
		{18AE225F-6E23-4F75-B1BD-02F6EB393DA6}.Release|Any CPU.ActiveCfg = Release|x64
		{18AE225F-6E23-4F75-B1BD-02F6EB393DA6}.Release|Any CPU.Build.0 = Release|x64
		{18AE225F-6E23-4F75-B1BD-02F6EB393DA6}.Release|x64.ActiveCfg = Release|x64
		{18AE225F-6E23-4F75-B1BD-02F6EB393DA6}.Release|x64.Build.0 = Release|x64
		{18AE225F-6E23-4F75-B1BD-02F6EB393DA6}.Release|x86.ActiveCfg = Release|Win32
		{18AE225F-6E23-4F75-B1BD-02F6EB393DA6}.Release|x86.Build.0 = Release|Win32
		{C6B97EAA-0204-4FEE-B89F-A0A009CDADF2}.Debug|Any CPU.ActiveCfg = Debug|x64
		{C6B97EAA-0204-4FEE-B89F-A0A009CDADF2}.Debug|Any CPU.Build.0 = Debug|x64
		{C6B97EAA-0204-4FEE-B89F-A0A009CDADF2}.Debug|x64.ActiveCfg = Debug|x64
		{C6B97EAA-0204-4FEE-B89F-A0A009CDADF2}.Debug|x64.Build.0 = Debug|x64
		{C6B97EAA-0204-4FEE-B89F-A0A009CDADF2}.Debug|x86.ActiveCfg = Debug|Win32
		{C6B97EAA-0204-4FEE-B89F-A0A009CDADF2}.Debug|x86.Build.0 = Debug|Win32
		{C6B97EAA-0204-4FEE-B89F-A0A009CDADF2}.Release|Any CPU.ActiveCfg = Release|x64
		{C6B97EAA-0204-4FEE-B89F-A0A009CDADF2}.Release|Any CPU.Build.0 = Release|x64
		{C6B97EAA-0204-4FEE-B89F-A0A009CDADF2}.Release|x64.ActiveCfg = Release|x64
		{C6B97EAA-0204-4FEE-B89F-A0A009CDADF2}.Release|x64.Build.0 = Release|x64
		{C6B97EAA-0204-4FEE-B89F-A0A009CDADF2}.Release|x86.ActiveCfg = Release|Win32
		{C6B97EAA-0204-4FEE-B89F-A0A009CDADF2}.Release|x86.Build.0 = Release|Win32
		{C705B226-50A6-4472-9C5F-062AFB59C961}.Debug|Any CPU.ActiveCfg = Debug|x64
		{C705B226-50A6-4472-9C5F-062AFB59C961}.Debug|Any CPU.Build.0 = Debug|x64
		{C705B226-50A6-4472-9C5F-062AFB59C961}.Debug|x64.ActiveCfg = Debug|x64
		{C705B226-50A6-4472-9C5F-062AFB59C961}.Debug|x64.Build.0 = Debug|x64
		{C705B226-50A6-4472-9C5F-062AFB59C961}.Debug|x86.ActiveCfg = Debug|Win32
		{C705B226-50A6-4472-9C5F-062AFB59C961}.Debug|x86.Build.0 = Debug|Win32
		{C705B226-50A6-4472-9C5F-062AFB59C961}.Release|Any CPU.ActiveCfg = Release|x64
		{C705B226-50A6-4472-9C5F-062AFB59C961}.Release|Any CPU.Build.0 = Release|x64
		{C705B226-50A6-4472-9C5F-062AFB59C961}.Release|x64.ActiveCfg = Release|x64
		{C705B226-50A6-4472-9C5F-062AFB59C961}.Release|x64.Build.0 = Release|x64
		{C705B226-50A6-4472-9C5F-062AFB59C961}.Release|x86.ActiveCfg = Release|Win32
		{C705B226-50A6-4472-9C5F-062AFB59C961}.Release|x86.Build.0 = Release|Win32
		{2B83F9CB-2F98-4B92-A677-5BC6D5F42B12}.Debug|Any CPU.ActiveCfg = Debug|x64
		{2B83F9CB-2F98-4B92-A677-5BC6D5F42B12}.Debug|Any CPU.Build.0 = Debug|x64
		{2B83F9CB-2F98-4B92-A677-5BC6D5F42B12}.Debug|x64.ActiveCfg = Debug|x64
		{2B83F9CB-2F98-4B92-A677-5BC6D5F42B12}.Debug|x64.Build.0 = Debug|x64
		{2B83F9CB-2F98-4B92-A677-5BC6D5F42B12}.Debug|x86.ActiveCfg = Debug|Win32
		{2B83F9CB-2F98-4B92-A677-5BC6D5F42B12}.Debug|x86.Build.0 = Debug|Win32
		{2B83F9CB-2F98-4B92-A677-5BC6D5F42B12}.Release|Any CPU.ActiveCfg = Release|x64
		{2B83F9CB-2F98-4B92-A677-5BC6D5F42B12}.Release|Any CPU.Build.0 = Release|x64
		{2B83F9CB-2F98-4B92-A677-5BC6D5F42B12}.Release|x64.ActiveCfg = Release|x64
		{2B83F9CB-2F98-4B92-A677-5BC6D5F42B12}.Release|x64.Build.0 = Release|x64
		{2B83F9CB-2F98-4B92-A677-5BC6D5F42B12}.Release|x86.ActiveCfg = Release|Win32
		{2B83F9CB-2F98-4B92-A677-5BC6D5F42B12}.Release|x86.Build.0 = Release|Win32
		{EAFF4E83-1959-4075-AE9A-FEEBBF93DF10}.Debug|Any CPU.ActiveCfg = Debug|x64
		{EAFF4E83-1959-4075-AE9A-FEEBBF93DF10}.Debug|Any CPU.Build.0 = Debug|x64
		{EAFF4E83-1959-4075-AE9A-FEEBBF93DF10}.Debug|x64.ActiveCfg = Debug|x64
		{EAFF4E83-1959-4075-AE9A-FEEBBF93DF10}.Debug|x64.Build.0 = Debug|x64
		{EAFF4E83-1959-4075-AE9A-FEEBBF93DF10}.Debug|x86.ActiveCfg = Debug|Win32
		{EAFF4E83-1959-4075-AE9A-FEEBBF93DF10}.Debug|x86.Build.0 = Debug|Win32
		{EAFF4E83-1959-4075-AE9A-FEEBBF93DF10}.Release|Any CPU.ActiveCfg = Release|x64
		{EAFF4E83-1959-4075-AE9A-FEEBBF93DF10}.Release|Any CPU.Build.0 = Release|x64
		{EAFF4E83-1959-4075-AE9A-FEEBBF93DF10}.Release|x64.ActiveCfg = Release|x64
		{EAFF4E83-1959-4075-AE9A-FEEBBF93DF10}.Release|x64.Build.0 = Release|x64
		{EAFF4E83-1959-4075-AE9A-FEEBBF93DF10}.Release|x86.ActiveCfg = Release|Win32
		{EAFF4E83-1959-4075-AE9A-FEEBBF93DF10}.Release|x86.Build.0 = Release|Win32
		{800F9D78-132C-43D2-96A1-17F06B9FD341}.Debug|Any CPU.ActiveCfg = Debug|x64
		{800F9D78-132C-43D2-96A1-17F06B9FD341}.Debug|Any CPU.Build.0 = Debug|x64
		{800F9D78-132C-43D2-96A1-17F06B9FD341}.Debug|x64.ActiveCfg = Debug|x64
		{800F9D78-132C-43D2-96A1-17F06B9FD341}.Debug|x64.Build.0 = Debug|x64
		{800F9D78-132C-43D2-96A1-17F06B9FD341}.Debug|x86.ActiveCfg = Debug|Win32
		{800F9D78-132C-43D2-96A1-17F06B9FD341}.Debug|x86.Build.0 = Debug|Win32
		{800F9D78-132C-43D2-96A1-17F06B9FD341}.Release|Any CPU.ActiveCfg = Release|x64
		{800F9D78-132C-43D2-96A1-17F06B9FD341}.Release|Any CPU.Build.0 = Release|x64
		{800F9D78-132C-43D2-96A1-17F06B9FD341}.Release|x64.ActiveCfg = Release|x64
		{800F9D78-132C-43D2-96A1-17F06B9FD341}.Release|x64.Build.0 = Release|x64
		{800F9D78-132C-43D2-96A1-17F06B9FD341}.Release|x86.ActiveCfg = Release|Win32
		{800F9D78-132C-43D2-96A1-17F06B9FD341}.Release|x86.Build.0 = Release|Win32
		{33565458-AE99-4E7B-B8DE-EF9D1A4F8811}.Debug|Any CPU.ActiveCfg = Debug|x64
		{33565458-AE99-4E7B-B8DE-EF9D1A4F8811}.Debug|Any CPU.Build.0 = Debug|x64
		{33565458-AE99-4E7B-B8DE-EF9D1A4F8811}.Debug|x64.ActiveCfg = Debug|x64
		{33565458-AE99-4E7B-B8DE-EF9D1A4F8811}.Debug|x64.Build.0 = Debug|x64
		{33565458-AE99-4E7B-B8DE-EF9D1A4F8811}.Debug|x86.ActiveCfg = Debug|Win32
		{33565458-AE99-4E7B-B8DE-EF9D1A4F8811}.Debug|x86.Build.0 = Debug|Win32
		{33565458-AE99-4E7B-B8DE-EF9D1A4F8811}.Release|Any CPU.ActiveCfg = Release|x64
		{33565458-AE99-4E7B-B8DE-EF9D1A4F8811}.Release|Any CPU.Build.0 = Release|x64
		{33565458-AE99-4E7B-B8DE-EF9D1A4F8811}.Release|x64.ActiveCfg = Release|x64
		{33565458-AE99-4E7B-B8DE-EF9D1A4F8811}.Release|x64.Build.0 = Release|x64
		{33565458-AE99-4E7B-B8DE-EF9D1A4F8811}.Release|x86.ActiveCfg = Release|Win32
		{33565458-AE99-4E7B-B8DE-EF9D1A4F8811}.Release|x86.Build.0 = Release|Win32
		{6F865E09-66C2-4255-ADB6-DEBE934849CF}.Debug|Any CPU.ActiveCfg = Debug|x64
		{6F865E09-66C2-4255-ADB6-DEBE934849CF}.Debug|Any CPU.Build.0 = Debug|x64
		{6F865E09-66C2-4255-ADB6-DEBE934849CF}.Debug|x64.ActiveCfg = Debug|x64
		{6F865E09-66C2-4255-ADB6-DEBE934849CF}.Debug|x64.Build.0 = Debug|x64
		{6F865E09-66C2-4255-ADB6-DEBE934849CF}.Debug|x86.ActiveCfg = Debug|Win32
		{6F865E09-66C2-4255-ADB6-DEBE934849CF}.Debug|x86.Build.0 = Debug|Win32
		{6F865E09-66C2-4255-ADB6-DEBE934849CF}.Release|Any CPU.ActiveCfg = Release|x64
		{6F865E09-66C2-4255-ADB6-DEBE934849CF}.Release|Any CPU.Build.0 = Release|x64
		{6F865E09-66C2-4255-ADB6-DEBE934849CF}.Release|x64.ActiveCfg = Release|x64
		{6F865E09-66C2-4255-ADB6-DEBE934849CF}.Release|x64.Build.0 = Release|x64
		{6F865E09-66C2-4255-ADB6-DEBE934849CF}.Release|x86.ActiveCfg = Release|Win32
		{6F865E09-66C2-4255-ADB6-DEBE934849CF}.Release|x86.Build.0 = Release|Win32
		{F0372C44-FE9D-45B7-8260-F7A707BB3740}.Debug|Any CPU.ActiveCfg = Debug|x64
		{F0372C44-FE9D-45B7-8260-F7A707BB3740}.Debug|Any CPU.Build.0 = Debug|x64
		{F0372C44-FE9D-45B7-8260-F7A707BB3740}.Debug|x64.ActiveCfg = Debug|x64
		{F0372C44-FE9D-45B7-8260-F7A707BB3740}.Debug|x64.Build.0 = Debug|x64
		{F0372C44-FE9D-45B7-8260-F7A707BB3740}.Debug|x86.ActiveCfg = Debug|Win32
		{F0372C44-FE9D-45B7-8260-F7A707BB3740}.Debug|x86.Build.0 = Debug|Win32
		{F0372C44-FE9D-45B7-8260-F7A707BB3740}.Release|Any CPU.ActiveCfg = Release|x64
		{F0372C44-FE9D-45B7-8260-F7A707BB3740}.Release|Any CPU.Build.0 = Release|x64
		{F0372C44-FE9D-45B7-8260-F7A707BB3740}.Release|x64.ActiveCfg = Release|x64
		{F0372C44-FE9D-45B7-8260-F7A707BB3740}.Release|x64.Build.0 = Release|x64
		{F0372C44-FE9D-45B7-8260-F7A707BB3740}.Release|x86.ActiveCfg = Release|Win32
		{F0372C44-FE9D-45B7-8260-F7A707BB3740}.Release|x86.Build.0 = Release|Win32
		{154F8BC7-A72B-4D08-B59C-7B6A0A2AD16C}.Debug|Any CPU.ActiveCfg = Debug|x64
		{154F8BC7-A72B-4D08-B59C-7B6A0A2AD16C}.Debug|Any CPU.Build.0 = Debug|x64
		{154F8BC7-A72B-4D08-B59C-7B6A0A2AD16C}.Debug|x64.ActiveCfg = Debug|x64
		{154F8BC7-A72B-4D08-B59C-7B6A0A2AD16C}.Debug|x64.Build.0 = Debug|x64
		{154F8BC7-A72B-4D08-B59C-7B6A0A2AD16C}.Debug|x86.ActiveCfg = Debug|Win32
		{154F8BC7-A72B-4D08-B59C-7B6A0A2AD16C}.Debug|x86.Build.0 = Debug|Win32
		{154F8BC7-A72B-4D08-B59C-7B6A0A2AD16C}.Release|Any CPU.ActiveCfg = Release|x64
		{154F8BC7-A72B-4D08-B59C-7B6A0A2AD16C}.Release|Any CPU.Build.0 = Release|x64
		{154F8BC7-A72B-4D08-B59C-7B6A0A2AD16C}.Release|x64.ActiveCfg = Release|x64
		{154F8BC7-A72B-4D08-B59C-7B6A0A2AD16C}.Release|x64.Build.0 = Release|x64
		{154F8BC7-A72B-4D08-B59C-7B6A0A2AD16C}.Release|x86.ActiveCfg = Release|Win32
		{154F8BC7-A72B-4D08-B59C-7B6A0A2AD16C}.Release|x86.Build.0 = Release|Win32
		{1518B8E4-5BF1-420B-BA1F-3B36209967DF}.Debug|Any CPU.ActiveCfg = Debug|x64
		{1518B8E4-5BF1-420B-BA1F-3B36209967DF}.Debug|Any CPU.Build.0 = Debug|x64
		{1518B8E4-5BF1-420B-BA1F-3B36209967DF}.Debug|x64.ActiveCfg = Debug|x64
		{1518B8E4-5BF1-420B-BA1F-3B36209967DF}.Debug|x64.Build.0 = Debug|x64
		{1518B8E4-5BF1-420B-BA1F-3B36209967DF}.Debug|x86.ActiveCfg = Debug|Win32
		{1518B8E4-5BF1-420B-BA1F-3B36209967DF}.Debug|x86.Build.0 = Debug|Win32
		{1518B8E4-5BF1-420B-BA1F-3B36209967DF}.Release|Any CPU.ActiveCfg = Release|x64
		{1518B8E4-5BF1-420B-BA1F-3B36209967DF}.Release|Any CPU.Build.0 = Release|x64
		{1518B8E4-5BF1-420B-BA1F-3B36209967DF}.Release|x64.ActiveCfg = Release|x64
		{1518B8E4-5BF1-420B-BA1F-3B36209967DF}.Release|x64.Build.0 = Release|x64
		{1518B8E4-5BF1-420B-BA1F-3B36209967DF}.Release|x86.ActiveCfg = Release|Win32
		{1518B8E4-5BF1-420B-BA1F-3B36209967DF}.Release|x86.Build.0 = Release|Win32
		{8A7FCA67-47F3-4565-8CBF-FFB7E1A62E46}.Debug|Any CPU.ActiveCfg = Debug|x64
		{8A7FCA67-47F3-4565-8CBF-FFB7E1A62E46}.Debug|Any CPU.Build.0 = Debug|x64
		{8A7FCA67-47F3-4565-8CBF-FFB7E1A62E46}.Debug|x64.ActiveCfg = Debug|x64
		{8A7FCA67-47F3-4565-8CBF-FFB7E1A62E46}.Debug|x64.Build.0 = Debug|x64
		{8A7FCA67-47F3-4565-8CBF-FFB7E1A62E46}.Debug|x86.ActiveCfg = Debug|Win32
		{8A7FCA67-47F3-4565-8CBF-FFB7E1A62E46}.Debug|x86.Build.0 = Debug|Win32
		{8A7FCA67-47F3-4565-8CBF-FFB7E1A62E46}.Release|Any CPU.ActiveCfg = Release|x64
		{8A7FCA67-47F3-4565-8CBF-FFB7E1A62E46}.Release|Any CPU.Build.0 = Release|x64
		{8A7FCA67-47F3-4565-8CBF-FFB7E1A62E46}.Release|x64.ActiveCfg = Release|x64
		{8A7FCA67-47F3-4565-8CBF-FFB7E1A62E46}.Release|x64.Build.0 = Release|x64
		{8A7FCA67-47F3-4565-8CBF-FFB7E1A62E46}.Release|x86.ActiveCfg = Release|Win32
		{8A7FCA67-47F3-4565-8CBF-FFB7E1A62E46}.Release|x86.Build.0 = Release|Win32
		{7065C860-73E2-4261-9CCC-30F6CBA2397D}.Debug|Any CPU.ActiveCfg = Debug|x64
		{7065C860-73E2-4261-9CCC-30F6CBA2397D}.Debug|Any CPU.Build.0 = Debug|x64
		{7065C860-73E2-4261-9CCC-30F6CBA2397D}.Debug|x64.ActiveCfg = Debug|x64
		{7065C860-73E2-4261-9CCC-30F6CBA2397D}.Debug|x64.Build.0 = Debug|x64
		{7065C860-73E2-4261-9CCC-30F6CBA2397D}.Debug|x86.ActiveCfg = Debug|Win32
		{7065C860-73E2-4261-9CCC-30F6CBA2397D}.Debug|x86.Build.0 = Debug|Win32
		{7065C860-73E2-4261-9CCC-30F6CBA2397D}.Release|Any CPU.ActiveCfg = Release|x64
		{7065C860-73E2-4261-9CCC-30F6CBA2397D}.Release|Any CPU.Build.0 = Release|x64
		{7065C860-73E2-4261-9CCC-30F6CBA2397D}.Release|x64.ActiveCfg = Release|x64
		{7065C860-73E2-4261-9CCC-30F6CBA2397D}.Release|x64.Build.0 = Release|x64
		{7065C860-73E2-4261-9CCC-30F6CBA2397D}.Release|x86.ActiveCfg = Release|Win32
		{7065C860-73E2-4261-9CCC-30F6CBA2397D}.Release|x86.Build.0 = Release|Win32
		{A83D90D6-0F7D-4505-BBD0-EE450FEC87C7}.Debug|Any CPU.ActiveCfg = Debug|x64
		{A83D90D6-0F7D-4505-BBD0-EE450FEC87C7}.Debug|Any CPU.Build.0 = Debug|x64
		{A83D90D6-0F7D-4505-BBD0-EE450FEC87C7}.Debug|x64.ActiveCfg = Debug|x64
		{A83D90D6-0F7D-4505-BBD0-EE450FEC87C7}.Debug|x64.Build.0 = Debug|x64
		{A83D90D6-0F7D-4505-BBD0-EE450FEC87C7}.Debug|x86.ActiveCfg = Debug|Win32
		{A83D90D6-0F7D-4505-BBD0-EE450FEC87C7}.Debug|x86.Build.0 = Debug|Win32
		{A83D90D6-0F7D-4505-BBD0-EE450FEC87C7}.Release|Any CPU.ActiveCfg = Release|x64
		{A83D90D6-0F7D-4505-BBD0-EE450FEC87C7}.Release|Any CPU.Build.0 = Release|x64
		{A83D90D6-0F7D-4505-BBD0-EE450FEC87C7}.Release|x64.ActiveCfg = Release|x64
		{A83D90D6-0F7D-4505-BBD0-EE450FEC87C7}.Release|x64.Build.0 = Release|x64
		{A83D90D6-0F7D-4505-BBD0-EE450FEC87C7}.Release|x86.ActiveCfg = Release|Win32
		{A83D90D6-0F7D-4505-BBD0-EE450FEC87C7}.Release|x86.Build.0 = Release|Win32
		{4E8E3BE2-0EEC-41D1-8BAE-703DA55BF3C9}.Debug|Any CPU.ActiveCfg = Debug|x64
		{4E8E3BE2-0EEC-41D1-8BAE-703DA55BF3C9}.Debug|Any CPU.Build.0 = Debug|x64
		{4E8E3BE2-0EEC-41D1-8BAE-703DA55BF3C9}.Debug|x64.ActiveCfg = Debug|x64
		{4E8E3BE2-0EEC-41D1-8BAE-703DA55BF3C9}.Debug|x64.Build.0 = Debug|x64
		{4E8E3BE2-0EEC-41D1-8BAE-703DA55BF3C9}.Debug|x86.ActiveCfg = Debug|Win32
		{4E8E3BE2-0EEC-41D1-8BAE-703DA55BF3C9}.Debug|x86.Build.0 = Debug|Win32
		{4E8E3BE2-0EEC-41D1-8BAE-703DA55BF3C9}.Release|Any CPU.ActiveCfg = Release|x64
		{4E8E3BE2-0EEC-41D1-8BAE-703DA55BF3C9}.Release|Any CPU.Build.0 = Release|x64
		{4E8E3BE2-0EEC-41D1-8BAE-703DA55BF3C9}.Release|x64.ActiveCfg = Release|x64
		{4E8E3BE2-0EEC-41D1-8BAE-703DA55BF3C9}.Release|x64.Build.0 = Release|x64
		{4E8E3BE2-0EEC-41D1-8BAE-703DA55BF3C9}.Release|x86.ActiveCfg = Release|Win32
		{4E8E3BE2-0EEC-41D1-8BAE-703DA55BF3C9}.Release|x86.Build.0 = Release|Win32
		{C1786571-5C81-446F-81B5-8898A9A5C5C6}.Debug|Any CPU.ActiveCfg = Debug|x64
		{C1786571-5C81-446F-81B5-8898A9A5C5C6}.Debug|Any CPU.Build.0 = Debug|x64
		{C1786571-5C81-446F-81B5-8898A9A5C5C6}.Debug|x64.ActiveCfg = Debug|x64
		{C1786571-5C81-446F-81B5-8898A9A5C5C6}.Debug|x64.Build.0 = Debug|x64
		{C1786571-5C81-446F-81B5-8898A9A5C5C6}.Debug|x86.ActiveCfg = Debug|Win32
		{C1786571-5C81-446F-81B5-8898A9A5C5C6}.Debug|x86.Build.0 = Debug|Win32
		{C1786571-5C81-446F-81B5-8898A9A5C5C6}.Release|Any CPU.ActiveCfg = Release|x64
		{C1786571-5C81-446F-81B5-8898A9A5C5C6}.Release|Any CPU.Build.0 = Release|x64
		{C1786571-5C81-446F-81B5-8898A9A5C5C6}.Release|x64.ActiveCfg = Release|x64
		{C1786571-5C81-446F-81B5-8898A9A5C5C6}.Release|x64.Build.0 = Release|x64
		{C1786571-5C81-446F-81B5-8898A9A5C5C6}.Release|x86.ActiveCfg = Release|Win32
		{C1786571-5C81-446F-81B5-8898A9A5C5C6}.Release|x86.Build.0 = Release|Win32
		{63BB60D5-155F-454A-A505-9C69F72BDAD4}.Debug|Any CPU.ActiveCfg = Debug|x64
		{63BB60D5-155F-454A-A505-9C69F72BDAD4}.Debug|Any CPU.Build.0 = Debug|x64
		{63BB60D5-155F-454A-A505-9C69F72BDAD4}.Debug|x64.ActiveCfg = Debug|x64
		{63BB60D5-155F-454A-A505-9C69F72BDAD4}.Debug|x64.Build.0 = Debug|x64
		{63BB60D5-155F-454A-A505-9C69F72BDAD4}.Debug|x86.ActiveCfg = Debug|Win32
		{63BB60D5-155F-454A-A505-9C69F72BDAD4}.Debug|x86.Build.0 = Debug|Win32
		{63BB60D5-155F-454A-A505-9C69F72BDAD4}.Release|Any CPU.ActiveCfg = Release|x64
		{63BB60D5-155F-454A-A505-9C69F72BDAD4}.Release|Any CPU.Build.0 = Release|x64
		{63BB60D5-155F-454A-A505-9C69F72BDAD4}.Release|x64.ActiveCfg = Release|x64
		{63BB60D5-155F-454A-A505-9C69F72BDAD4}.Release|x64.Build.0 = Release|x64
		{63BB60D5-155F-454A-A505-9C69F72BDAD4}.Release|x86.ActiveCfg = Release|Win32
		{63BB60D5-155F-454A-A505-9C69F72BDAD4}.Release|x86.Build.0 = Release|Win32
		{91390EEC-808E-47CC-A4D9-2EE12E82D7BA}.Debug|Any CPU.ActiveCfg = Debug|x64
		{91390EEC-808E-47CC-A4D9-2EE12E82D7BA}.Debug|Any CPU.Build.0 = Debug|x64
		{91390EEC-808E-47CC-A4D9-2EE12E82D7BA}.Debug|x64.ActiveCfg = Debug|x64
		{91390EEC-808E-47CC-A4D9-2EE12E82D7BA}.Debug|x64.Build.0 = Debug|x64
		{91390EEC-808E-47CC-A4D9-2EE12E82D7BA}.Debug|x86.ActiveCfg = Debug|Win32
		{91390EEC-808E-47CC-A4D9-2EE12E82D7BA}.Debug|x86.Build.0 = Debug|Win32
		{91390EEC-808E-47CC-A4D9-2EE12E82D7BA}.Release|Any CPU.ActiveCfg = Release|x64
		{91390EEC-808E-47CC-A4D9-2EE12E82D7BA}.Release|Any CPU.Build.0 = Release|x64
		{91390EEC-808E-47CC-A4D9-2EE12E82D7BA}.Release|x64.ActiveCfg = Release|x64
		{91390EEC-808E-47CC-A4D9-2EE12E82D7BA}.Release|x64.Build.0 = Release|x64
		{91390EEC-808E-47CC-A4D9-2EE12E82D7BA}.Release|x86.ActiveCfg = Release|Win32
		{91390EEC-808E-47CC-A4D9-2EE12E82D7BA}.Release|x86.Build.0 = Release|Win32
		{0D2C9775-8023-4929-9BF7-9716345D0D41}.Debug|Any CPU.ActiveCfg = Debug|x64
		{0D2C9775-8023-4929-9BF7-9716345D0D41}.Debug|Any CPU.Build.0 = Debug|x64
		{0D2C9775-8023-4929-9BF7-9716345D0D41}.Debug|x64.ActiveCfg = Debug|x64
		{0D2C9775-8023-4929-9BF7-9716345D0D41}.Debug|x64.Build.0 = Debug|x64
		{0D2C9775-8023-4929-9BF7-9716345D0D41}.Debug|x86.ActiveCfg = Debug|Win32
		{0D2C9775-8023-4929-9BF7-9716345D0D41}.Debug|x86.Build.0 = Debug|Win32
		{0D2C9775-8023-4929-9BF7-9716345D0D41}.Release|Any CPU.ActiveCfg = Release|x64
		{0D2C9775-8023-4929-9BF7-9716345D0D41}.Release|Any CPU.Build.0 = Release|x64
		{0D2C9775-8023-4929-9BF7-9716345D0D41}.Release|x64.ActiveCfg = Release|x64
		{0D2C9775-8023-4929-9BF7-9716345D0D41}.Release|x64.Build.0 = Release|x64
		{0D2C9775-8023-4929-9BF7-9716345D0D41}.Release|x86.ActiveCfg = Release|Win32
		{0D2C9775-8023-4929-9BF7-9716345D0D41}.Release|x86.Build.0 = Release|Win32
		{4E711F8E-3B91-4F52-9E85-3CF83431B179}.Debug|Any CPU.ActiveCfg = Debug|x64
		{4E711F8E-3B91-4F52-9E85-3CF83431B179}.Debug|Any CPU.Build.0 = Debug|x64
		{4E711F8E-3B91-4F52-9E85-3CF83431B179}.Debug|x64.ActiveCfg = Debug|x64
		{4E711F8E-3B91-4F52-9E85-3CF83431B179}.Debug|x64.Build.0 = Debug|x64
		{4E711F8E-3B91-4F52-9E85-3CF83431B179}.Debug|x86.ActiveCfg = Debug|Win32
		{4E711F8E-3B91-4F52-9E85-3CF83431B179}.Debug|x86.Build.0 = Debug|Win32
		{4E711F8E-3B91-4F52-9E85-3CF83431B179}.Release|Any CPU.ActiveCfg = Release|x64
		{4E711F8E-3B91-4F52-9E85-3CF83431B179}.Release|Any CPU.Build.0 = Release|x64
		{4E711F8E-3B91-4F52-9E85-3CF83431B179}.Release|x64.ActiveCfg = Release|x64
		{4E711F8E-3B91-4F52-9E85-3CF83431B179}.Release|x64.Build.0 = Release|x64
		{4E711F8E-3B91-4F52-9E85-3CF83431B179}.Release|x86.ActiveCfg = Release|Win32
		{4E711F8E-3B91-4F52-9E85-3CF83431B179}.Release|x86.Build.0 = Release|Win32
		{4F743331-7E59-4245-A5BC-E4C407FB0721}.Debug|Any CPU.ActiveCfg = Debug|x64
		{4F743331-7E59-4245-A5BC-E4C407FB0721}.Debug|Any CPU.Build.0 = Debug|x64
		{4F743331-7E59-4245-A5BC-E4C407FB0721}.Debug|x64.ActiveCfg = Debug|x64
		{4F743331-7E59-4245-A5BC-E4C407FB0721}.Debug|x64.Build.0 = Debug|x64
		{4F743331-7E59-4245-A5BC-E4C407FB0721}.Debug|x86.ActiveCfg = Debug|Win32
		{4F743331-7E59-4245-A5BC-E4C407FB0721}.Debug|x86.Build.0 = Debug|Win32
		{4F743331-7E59-4245-A5BC-E4C407FB0721}.Release|Any CPU.ActiveCfg = Release|x64
		{4F743331-7E59-4245-A5BC-E4C407FB0721}.Release|Any CPU.Build.0 = Release|x64
		{4F743331-7E59-4245-A5BC-E4C407FB0721}.Release|x64.ActiveCfg = Release|x64
		{4F743331-7E59-4245-A5BC-E4C407FB0721}.Release|x64.Build.0 = Release|x64
		{4F743331-7E59-4245-A5BC-E4C407FB0721}.Release|x86.ActiveCfg = Release|Win32
		{4F743331-7E59-4245-A5BC-E4C407FB0721}.Release|x86.Build.0 = Release|Win32
		{F9563650-C7F7-4748-BE3E-0B0B0169D131}.Debug|Any CPU.ActiveCfg = Debug|x64
		{F9563650-C7F7-4748-BE3E-0B0B0169D131}.Debug|Any CPU.Build.0 = Debug|x64
		{F9563650-C7F7-4748-BE3E-0B0B0169D131}.Debug|x64.ActiveCfg = Debug|x64
		{F9563650-C7F7-4748-BE3E-0B0B0169D131}.Debug|x64.Build.0 = Debug|x64
		{F9563650-C7F7-4748-BE3E-0B0B0169D131}.Debug|x86.ActiveCfg = Debug|Win32
		{F9563650-C7F7-4748-BE3E-0B0B0169D131}.Debug|x86.Build.0 = Debug|Win32
		{F9563650-C7F7-4748-BE3E-0B0B0169D131}.Release|Any CPU.ActiveCfg = Release|x64
		{F9563650-C7F7-4748-BE3E-0B0B0169D131}.Release|Any CPU.Build.0 = Release|x64
		{F9563650-C7F7-4748-BE3E-0B0B0169D131}.Release|x64.ActiveCfg = Release|x64
		{F9563650-C7F7-4748-BE3E-0B0B0169D131}.Release|x64.Build.0 = Release|x64
		{F9563650-C7F7-4748-BE3E-0B0B0169D131}.Release|x86.ActiveCfg = Release|Win32
		{F9563650-C7F7-4748-BE3E-0B0B0169D131}.Release|x86.Build.0 = Release|Win32
		{736AC5B2-1240-4A95-8A27-02A5E8AF4059}.Debug|Any CPU.ActiveCfg = Debug|x64
		{736AC5B2-1240-4A95-8A27-02A5E8AF4059}.Debug|Any CPU.Build.0 = Debug|x64
		{736AC5B2-1240-4A95-8A27-02A5E8AF4059}.Debug|x64.ActiveCfg = Debug|x64
		{736AC5B2-1240-4A95-8A27-02A5E8AF4059}.Debug|x64.Build.0 = Debug|x64
		{736AC5B2-1240-4A95-8A27-02A5E8AF4059}.Debug|x86.ActiveCfg = Debug|Win32
		{736AC5B2-1240-4A95-8A27-02A5E8AF4059}.Debug|x86.Build.0 = Debug|Win32
		{736AC5B2-1240-4A95-8A27-02A5E8AF4059}.Release|Any CPU.ActiveCfg = Release|x64
		{736AC5B2-1240-4A95-8A27-02A5E8AF4059}.Release|Any CPU.Build.0 = Release|x64
		{736AC5B2-1240-4A95-8A27-02A5E8AF4059}.Release|x64.ActiveCfg = Release|x64
		{736AC5B2-1240-4A95-8A27-02A5E8AF4059}.Release|x64.Build.0 = Release|x64
		{736AC5B2-1240-4A95-8A27-02A5E8AF4059}.Release|x86.ActiveCfg = Release|Win32
		{736AC5B2-1240-4A95-8A27-02A5E8AF4059}.Release|x86.Build.0 = Release|Win32
		{B93C623A-D9FE-4924-B6E4-314181F55416}.Debug|Any CPU.ActiveCfg = Debug|x64
		{B93C623A-D9FE-4924-B6E4-314181F55416}.Debug|Any CPU.Build.0 = Debug|x64
		{B93C623A-D9FE-4924-B6E4-314181F55416}.Debug|x64.ActiveCfg = Debug|x64
		{B93C623A-D9FE-4924-B6E4-314181F55416}.Debug|x64.Build.0 = Debug|x64
		{B93C623A-D9FE-4924-B6E4-314181F55416}.Debug|x86.ActiveCfg = Debug|Win32
		{B93C623A-D9FE-4924-B6E4-314181F55416}.Debug|x86.Build.0 = Debug|Win32
		{B93C623A-D9FE-4924-B6E4-314181F55416}.Release|Any CPU.ActiveCfg = Release|x64
		{B93C623A-D9FE-4924-B6E4-314181F55416}.Release|Any CPU.Build.0 = Release|x64
		{B93C623A-D9FE-4924-B6E4-314181F55416}.Release|x64.ActiveCfg = Release|x64
		{B93C623A-D9FE-4924-B6E4-314181F55416}.Release|x64.Build.0 = Release|x64
		{B93C623A-D9FE-4924-B6E4-314181F55416}.Release|x86.ActiveCfg = Release|Win32
		{B93C623A-D9FE-4924-B6E4-314181F55416}.Release|x86.Build.0 = Release|Win32
		{929F9759-1569-4047-9F91-948B47F2703A}.Debug|Any CPU.ActiveCfg = Debug|x64
		{929F9759-1569-4047-9F91-948B47F2703A}.Debug|Any CPU.Build.0 = Debug|x64
		{929F9759-1569-4047-9F91-948B47F2703A}.Debug|x64.ActiveCfg = Debug|x64
		{929F9759-1569-4047-9F91-948B47F2703A}.Debug|x64.Build.0 = Debug|x64
		{929F9759-1569-4047-9F91-948B47F2703A}.Debug|x86.ActiveCfg = Debug|Win32
		{929F9759-1569-4047-9F91-948B47F2703A}.Debug|x86.Build.0 = Debug|Win32
		{929F9759-1569-4047-9F91-948B47F2703A}.Release|Any CPU.ActiveCfg = Release|x64
		{929F9759-1569-4047-9F91-948B47F2703A}.Release|Any CPU.Build.0 = Release|x64
		{929F9759-1569-4047-9F91-948B47F2703A}.Release|x64.ActiveCfg = Release|x64
		{929F9759-1569-4047-9F91-948B47F2703A}.Release|x64.Build.0 = Release|x64
		{929F9759-1569-4047-9F91-948B47F2703A}.Release|x86.ActiveCfg = Release|Win32
		{929F9759-1569-4047-9F91-948B47F2703A}.Release|x86.Build.0 = Release|Win32
		{15FA8771-4BEE-4632-A8E2-3931C14F03B2}.Debug|Any CPU.ActiveCfg = Debug|x64
		{15FA8771-4BEE-4632-A8E2-3931C14F03B2}.Debug|Any CPU.Build.0 = Debug|x64
		{15FA8771-4BEE-4632-A8E2-3931C14F03B2}.Debug|x64.ActiveCfg = Debug|x64
		{15FA8771-4BEE-4632-A8E2-3931C14F03B2}.Debug|x64.Build.0 = Debug|x64
		{15FA8771-4BEE-4632-A8E2-3931C14F03B2}.Debug|x86.ActiveCfg = Debug|Win32
		{15FA8771-4BEE-4632-A8E2-3931C14F03B2}.Debug|x86.Build.0 = Debug|Win32
		{15FA8771-4BEE-4632-A8E2-3931C14F03B2}.Release|Any CPU.ActiveCfg = Release|x64
		{15FA8771-4BEE-4632-A8E2-3931C14F03B2}.Release|Any CPU.Build.0 = Release|x64
		{15FA8771-4BEE-4632-A8E2-3931C14F03B2}.Release|x64.ActiveCfg = Release|x64
		{15FA8771-4BEE-4632-A8E2-3931C14F03B2}.Release|x64.Build.0 = Release|x64
		{15FA8771-4BEE-4632-A8E2-3931C14F03B2}.Release|x86.ActiveCfg = Release|Win32
		{15FA8771-4BEE-4632-A8E2-3931C14F03B2}.Release|x86.Build.0 = Release|Win32
		{EA85D0B4-A9E6-4DD5-A471-082981140E13}.Debug|Any CPU.ActiveCfg = Debug|x64
		{EA85D0B4-A9E6-4DD5-A471-082981140E13}.Debug|Any CPU.Build.0 = Debug|x64
		{EA85D0B4-A9E6-4DD5-A471-082981140E13}.Debug|x64.ActiveCfg = Debug|x64
		{EA85D0B4-A9E6-4DD5-A471-082981140E13}.Debug|x64.Build.0 = Debug|x64
		{EA85D0B4-A9E6-4DD5-A471-082981140E13}.Debug|x86.ActiveCfg = Debug|Win32
		{EA85D0B4-A9E6-4DD5-A471-082981140E13}.Debug|x86.Build.0 = Debug|Win32
		{EA85D0B4-A9E6-4DD5-A471-082981140E13}.Release|Any CPU.ActiveCfg = Release|x64
		{EA85D0B4-A9E6-4DD5-A471-082981140E13}.Release|Any CPU.Build.0 = Release|x64
		{EA85D0B4-A9E6-4DD5-A471-082981140E13}.Release|x64.ActiveCfg = Release|x64
		{EA85D0B4-A9E6-4DD5-A471-082981140E13}.Release|x64.Build.0 = Release|x64
		{EA85D0B4-A9E6-4DD5-A471-082981140E13}.Release|x86.ActiveCfg = Release|Win32
		{EA85D0B4-A9E6-4DD5-A471-082981140E13}.Release|x86.Build.0 = Release|Win32
		{35D3A058-7806-4081-8AEE-EFBCF57EE058}.Debug|Any CPU.ActiveCfg = Debug|x64
		{35D3A058-7806-4081-8AEE-EFBCF57EE058}.Debug|Any CPU.Build.0 = Debug|x64
		{35D3A058-7806-4081-8AEE-EFBCF57EE058}.Debug|x64.ActiveCfg = Debug|x64
		{35D3A058-7806-4081-8AEE-EFBCF57EE058}.Debug|x64.Build.0 = Debug|x64
		{35D3A058-7806-4081-8AEE-EFBCF57EE058}.Debug|x86.ActiveCfg = Debug|Win32
		{35D3A058-7806-4081-8AEE-EFBCF57EE058}.Debug|x86.Build.0 = Debug|Win32
		{35D3A058-7806-4081-8AEE-EFBCF57EE058}.Release|Any CPU.ActiveCfg = Release|x64
		{35D3A058-7806-4081-8AEE-EFBCF57EE058}.Release|Any CPU.Build.0 = Release|x64
		{35D3A058-7806-4081-8AEE-EFBCF57EE058}.Release|x64.ActiveCfg = Release|x64
		{35D3A058-7806-4081-8AEE-EFBCF57EE058}.Release|x64.Build.0 = Release|x64
		{35D3A058-7806-4081-8AEE-EFBCF57EE058}.Release|x86.ActiveCfg = Release|Win32
		{35D3A058-7806-4081-8AEE-EFBCF57EE058}.Release|x86.Build.0 = Release|Win32
		{26CA9E62-576C-4443-B9D3-FDDCCCE7B905}.Debug|Any CPU.ActiveCfg = Debug|x64
		{26CA9E62-576C-4443-B9D3-FDDCCCE7B905}.Debug|Any CPU.Build.0 = Debug|x64
		{26CA9E62-576C-4443-B9D3-FDDCCCE7B905}.Debug|x64.ActiveCfg = Debug|x64
		{26CA9E62-576C-4443-B9D3-FDDCCCE7B905}.Debug|x64.Build.0 = Debug|x64
		{26CA9E62-576C-4443-B9D3-FDDCCCE7B905}.Debug|x86.ActiveCfg = Debug|Win32
		{26CA9E62-576C-4443-B9D3-FDDCCCE7B905}.Debug|x86.Build.0 = Debug|Win32
		{26CA9E62-576C-4443-B9D3-FDDCCCE7B905}.Release|Any CPU.ActiveCfg = Release|x64
		{26CA9E62-576C-4443-B9D3-FDDCCCE7B905}.Release|Any CPU.Build.0 = Release|x64
		{26CA9E62-576C-4443-B9D3-FDDCCCE7B905}.Release|x64.ActiveCfg = Release|x64
		{26CA9E62-576C-4443-B9D3-FDDCCCE7B905}.Release|x64.Build.0 = Release|x64
		{26CA9E62-576C-4443-B9D3-FDDCCCE7B905}.Release|x86.ActiveCfg = Release|Win32
		{26CA9E62-576C-4443-B9D3-FDDCCCE7B905}.Release|x86.Build.0 = Release|Win32
		{5B33EE75-DFB8-46BB-BB93-082B7F8C3033}.Debug|Any CPU.ActiveCfg = Debug|x64
		{5B33EE75-DFB8-46BB-BB93-082B7F8C3033}.Debug|Any CPU.Build.0 = Debug|x64
		{5B33EE75-DFB8-46BB-BB93-082B7F8C3033}.Debug|x64.ActiveCfg = Debug|x64
		{5B33EE75-DFB8-46BB-BB93-082B7F8C3033}.Debug|x64.Build.0 = Debug|x64
		{5B33EE75-DFB8-46BB-BB93-082B7F8C3033}.Debug|x86.ActiveCfg = Debug|Win32
		{5B33EE75-DFB8-46BB-BB93-082B7F8C3033}.Debug|x86.Build.0 = Debug|Win32
		{5B33EE75-DFB8-46BB-BB93-082B7F8C3033}.Release|Any CPU.ActiveCfg = Release|x64
		{5B33EE75-DFB8-46BB-BB93-082B7F8C3033}.Release|Any CPU.Build.0 = Release|x64
		{5B33EE75-DFB8-46BB-BB93-082B7F8C3033}.Release|x64.ActiveCfg = Release|x64
		{5B33EE75-DFB8-46BB-BB93-082B7F8C3033}.Release|x64.Build.0 = Release|x64
		{5B33EE75-DFB8-46BB-BB93-082B7F8C3033}.Release|x86.ActiveCfg = Release|Win32
		{5B33EE75-DFB8-46BB-BB93-082B7F8C3033}.Release|x86.Build.0 = Release|Win32
		{46FA6414-EEC5-4446-A06C-760142031A4D}.Debug|Any CPU.ActiveCfg = Debug|x64
		{46FA6414-EEC5-4446-A06C-760142031A4D}.Debug|Any CPU.Build.0 = Debug|x64
		{46FA6414-EEC5-4446-A06C-760142031A4D}.Debug|x64.ActiveCfg = Debug|x64
		{46FA6414-EEC5-4446-A06C-760142031A4D}.Debug|x64.Build.0 = Debug|x64
		{46FA6414-EEC5-4446-A06C-760142031A4D}.Debug|x86.ActiveCfg = Debug|Win32
		{46FA6414-EEC5-4446-A06C-760142031A4D}.Debug|x86.Build.0 = Debug|Win32
		{46FA6414-EEC5-4446-A06C-760142031A4D}.Release|Any CPU.ActiveCfg = Release|x64
		{46FA6414-EEC5-4446-A06C-760142031A4D}.Release|Any CPU.Build.0 = Release|x64
		{46FA6414-EEC5-4446-A06C-760142031A4D}.Release|x64.ActiveCfg = Release|x64
		{46FA6414-EEC5-4446-A06C-760142031A4D}.Release|x64.Build.0 = Release|x64
		{46FA6414-EEC5-4446-A06C-760142031A4D}.Release|x86.ActiveCfg = Release|Win32
		{46FA6414-EEC5-4446-A06C-760142031A4D}.Release|x86.Build.0 = Release|Win32
		{2CEDEB17-8660-4FAA-8CBF-77FD55A1B357}.Debug|Any CPU.ActiveCfg = Debug|x64
		{2CEDEB17-8660-4FAA-8CBF-77FD55A1B357}.Debug|Any CPU.Build.0 = Debug|x64
		{2CEDEB17-8660-4FAA-8CBF-77FD55A1B357}.Debug|x64.ActiveCfg = Debug|x64
		{2CEDEB17-8660-4FAA-8CBF-77FD55A1B357}.Debug|x64.Build.0 = Debug|x64
		{2CEDEB17-8660-4FAA-8CBF-77FD55A1B357}.Debug|x86.ActiveCfg = Debug|Win32
		{2CEDEB17-8660-4FAA-8CBF-77FD55A1B357}.Debug|x86.Build.0 = Debug|Win32
		{2CEDEB17-8660-4FAA-8CBF-77FD55A1B357}.Release|Any CPU.ActiveCfg = Release|x64
		{2CEDEB17-8660-4FAA-8CBF-77FD55A1B357}.Release|Any CPU.Build.0 = Release|x64
		{2CEDEB17-8660-4FAA-8CBF-77FD55A1B357}.Release|x64.ActiveCfg = Release|x64
		{2CEDEB17-8660-4FAA-8CBF-77FD55A1B357}.Release|x64.Build.0 = Release|x64
		{2CEDEB17-8660-4FAA-8CBF-77FD55A1B357}.Release|x86.ActiveCfg = Release|Win32
		{2CEDEB17-8660-4FAA-8CBF-77FD55A1B357}.Release|x86.Build.0 = Release|Win32
		{8F552A45-6963-423B-9CCF-B9AA33BDC2F9}.Debug|Any CPU.ActiveCfg = Debug|x64
		{8F552A45-6963-423B-9CCF-B9AA33BDC2F9}.Debug|Any CPU.Build.0 = Debug|x64
		{8F552A45-6963-423B-9CCF-B9AA33BDC2F9}.Debug|x64.ActiveCfg = Debug|x64
		{8F552A45-6963-423B-9CCF-B9AA33BDC2F9}.Debug|x64.Build.0 = Debug|x64
		{8F552A45-6963-423B-9CCF-B9AA33BDC2F9}.Debug|x86.ActiveCfg = Debug|Win32
		{8F552A45-6963-423B-9CCF-B9AA33BDC2F9}.Debug|x86.Build.0 = Debug|Win32
		{8F552A45-6963-423B-9CCF-B9AA33BDC2F9}.Release|Any CPU.ActiveCfg = Release|x64
		{8F552A45-6963-423B-9CCF-B9AA33BDC2F9}.Release|Any CPU.Build.0 = Release|x64
		{8F552A45-6963-423B-9CCF-B9AA33BDC2F9}.Release|x64.ActiveCfg = Release|x64
		{8F552A45-6963-423B-9CCF-B9AA33BDC2F9}.Release|x64.Build.0 = Release|x64
		{8F552A45-6963-423B-9CCF-B9AA33BDC2F9}.Release|x86.ActiveCfg = Release|Win32
		{8F552A45-6963-423B-9CCF-B9AA33BDC2F9}.Release|x86.Build.0 = Release|Win32
		{9B2E214C-8DA9-434F-A9A6-462DCEF69D55}.Debug|Any CPU.ActiveCfg = Debug|x64
		{9B2E214C-8DA9-434F-A9A6-462DCEF69D55}.Debug|Any CPU.Build.0 = Debug|x64
		{9B2E214C-8DA9-434F-A9A6-462DCEF69D55}.Debug|x64.ActiveCfg = Debug|x64
		{9B2E214C-8DA9-434F-A9A6-462DCEF69D55}.Debug|x64.Build.0 = Debug|x64
		{9B2E214C-8DA9-434F-A9A6-462DCEF69D55}.Debug|x86.ActiveCfg = Debug|Win32
		{9B2E214C-8DA9-434F-A9A6-462DCEF69D55}.Debug|x86.Build.0 = Debug|Win32
		{9B2E214C-8DA9-434F-A9A6-462DCEF69D55}.Release|Any CPU.ActiveCfg = Release|x64
		{9B2E214C-8DA9-434F-A9A6-462DCEF69D55}.Release|Any CPU.Build.0 = Release|x64
		{9B2E214C-8DA9-434F-A9A6-462DCEF69D55}.Release|x64.ActiveCfg = Release|x64
		{9B2E214C-8DA9-434F-A9A6-462DCEF69D55}.Release|x64.Build.0 = Release|x64
		{9B2E214C-8DA9-434F-A9A6-462DCEF69D55}.Release|x86.ActiveCfg = Release|Win32
		{9B2E214C-8DA9-434F-A9A6-462DCEF69D55}.Release|x86.Build.0 = Release|Win32
		{744A2FD0-06C2-4130-ABF9-0AC4B99DCFC6}.Debug|Any CPU.ActiveCfg = Debug|x64
		{744A2FD0-06C2-4130-ABF9-0AC4B99DCFC6}.Debug|Any CPU.Build.0 = Debug|x64
		{744A2FD0-06C2-4130-ABF9-0AC4B99DCFC6}.Debug|x64.ActiveCfg = Debug|x64
		{744A2FD0-06C2-4130-ABF9-0AC4B99DCFC6}.Debug|x64.Build.0 = Debug|x64
		{744A2FD0-06C2-4130-ABF9-0AC4B99DCFC6}.Debug|x86.ActiveCfg = Debug|Win32
		{744A2FD0-06C2-4130-ABF9-0AC4B99DCFC6}.Debug|x86.Build.0 = Debug|Win32
		{744A2FD0-06C2-4130-ABF9-0AC4B99DCFC6}.Release|Any CPU.ActiveCfg = Release|x64
		{744A2FD0-06C2-4130-ABF9-0AC4B99DCFC6}.Release|Any CPU.Build.0 = Release|x64
		{744A2FD0-06C2-4130-ABF9-0AC4B99DCFC6}.Release|x64.ActiveCfg = Release|x64
		{744A2FD0-06C2-4130-ABF9-0AC4B99DCFC6}.Release|x64.Build.0 = Release|x64
		{744A2FD0-06C2-4130-ABF9-0AC4B99DCFC6}.Release|x86.ActiveCfg = Release|Win32
		{744A2FD0-06C2-4130-ABF9-0AC4B99DCFC6}.Release|x86.Build.0 = Release|Win32
		{6CB3BFAA-EA9B-4D08-88A5-C048EF12421C}.Debug|Any CPU.ActiveCfg = Debug|x64
		{6CB3BFAA-EA9B-4D08-88A5-C048EF12421C}.Debug|Any CPU.Build.0 = Debug|x64
		{6CB3BFAA-EA9B-4D08-88A5-C048EF12421C}.Debug|x64.ActiveCfg = Debug|x64
		{6CB3BFAA-EA9B-4D08-88A5-C048EF12421C}.Debug|x64.Build.0 = Debug|x64
		{6CB3BFAA-EA9B-4D08-88A5-C048EF12421C}.Debug|x86.ActiveCfg = Debug|Win32
		{6CB3BFAA-EA9B-4D08-88A5-C048EF12421C}.Debug|x86.Build.0 = Debug|Win32
		{6CB3BFAA-EA9B-4D08-88A5-C048EF12421C}.Release|Any CPU.ActiveCfg = Release|x64
		{6CB3BFAA-EA9B-4D08-88A5-C048EF12421C}.Release|Any CPU.Build.0 = Release|x64
		{6CB3BFAA-EA9B-4D08-88A5-C048EF12421C}.Release|x64.ActiveCfg = Release|x64
		{6CB3BFAA-EA9B-4D08-88A5-C048EF12421C}.Release|x64.Build.0 = Release|x64
		{6CB3BFAA-EA9B-4D08-88A5-C048EF12421C}.Release|x86.ActiveCfg = Release|Win32
		{6CB3BFAA-EA9B-4D08-88A5-C048EF12421C}.Release|x86.Build.0 = Release|Win32
		{5CF4BDCB-27F5-4B2D-8379-267C100F6A2A}.Debug|Any CPU.ActiveCfg = Debug|x64
		{5CF4BDCB-27F5-4B2D-8379-267C100F6A2A}.Debug|Any CPU.Build.0 = Debug|x64
		{5CF4BDCB-27F5-4B2D-8379-267C100F6A2A}.Debug|x64.ActiveCfg = Debug|x64
		{5CF4BDCB-27F5-4B2D-8379-267C100F6A2A}.Debug|x64.Build.0 = Debug|x64
		{5CF4BDCB-27F5-4B2D-8379-267C100F6A2A}.Debug|x86.ActiveCfg = Debug|Win32
		{5CF4BDCB-27F5-4B2D-8379-267C100F6A2A}.Debug|x86.Build.0 = Debug|Win32
		{5CF4BDCB-27F5-4B2D-8379-267C100F6A2A}.Release|Any CPU.ActiveCfg = Release|x64
		{5CF4BDCB-27F5-4B2D-8379-267C100F6A2A}.Release|Any CPU.Build.0 = Release|x64
		{5CF4BDCB-27F5-4B2D-8379-267C100F6A2A}.Release|x64.ActiveCfg = Release|x64
		{5CF4BDCB-27F5-4B2D-8379-267C100F6A2A}.Release|x64.Build.0 = Release|x64
		{5CF4BDCB-27F5-4B2D-8379-267C100F6A2A}.Release|x86.ActiveCfg = Release|Win32
		{5CF4BDCB-27F5-4B2D-8379-267C100F6A2A}.Release|x86.Build.0 = Release|Win32
		{D7EDA915-4273-4E6A-944F-7FC36A4BC677}.Debug|Any CPU.ActiveCfg = Debug|x64
		{D7EDA915-4273-4E6A-944F-7FC36A4BC677}.Debug|Any CPU.Build.0 = Debug|x64
		{D7EDA915-4273-4E6A-944F-7FC36A4BC677}.Debug|x64.ActiveCfg = Debug|x64
		{D7EDA915-4273-4E6A-944F-7FC36A4BC677}.Debug|x64.Build.0 = Debug|x64
		{D7EDA915-4273-4E6A-944F-7FC36A4BC677}.Debug|x86.ActiveCfg = Debug|Win32
		{D7EDA915-4273-4E6A-944F-7FC36A4BC677}.Debug|x86.Build.0 = Debug|Win32
		{D7EDA915-4273-4E6A-944F-7FC36A4BC677}.Release|Any CPU.ActiveCfg = Release|x64
		{D7EDA915-4273-4E6A-944F-7FC36A4BC677}.Release|Any CPU.Build.0 = Release|x64
		{D7EDA915-4273-4E6A-944F-7FC36A4BC677}.Release|x64.ActiveCfg = Release|x64
		{D7EDA915-4273-4E6A-944F-7FC36A4BC677}.Release|x64.Build.0 = Release|x64
		{D7EDA915-4273-4E6A-944F-7FC36A4BC677}.Release|x86.ActiveCfg = Release|Win32
		{D7EDA915-4273-4E6A-944F-7FC36A4BC677}.Release|x86.Build.0 = Release|Win32
		{21DD926B-D887-45C8-AA27-116395052B02}.Debug|Any CPU.ActiveCfg = Debug|x64
		{21DD926B-D887-45C8-AA27-116395052B02}.Debug|Any CPU.Build.0 = Debug|x64
		{21DD926B-D887-45C8-AA27-116395052B02}.Debug|x64.ActiveCfg = Debug|x64
		{21DD926B-D887-45C8-AA27-116395052B02}.Debug|x64.Build.0 = Debug|x64
		{21DD926B-D887-45C8-AA27-116395052B02}.Debug|x86.ActiveCfg = Debug|Win32
		{21DD926B-D887-45C8-AA27-116395052B02}.Debug|x86.Build.0 = Debug|Win32
		{21DD926B-D887-45C8-AA27-116395052B02}.Release|Any CPU.ActiveCfg = Release|x64
		{21DD926B-D887-45C8-AA27-116395052B02}.Release|Any CPU.Build.0 = Release|x64
		{21DD926B-D887-45C8-AA27-116395052B02}.Release|x64.ActiveCfg = Release|x64
		{21DD926B-D887-45C8-AA27-116395052B02}.Release|x64.Build.0 = Release|x64
		{21DD926B-D887-45C8-AA27-116395052B02}.Release|x86.ActiveCfg = Release|Win32
		{21DD926B-D887-45C8-AA27-116395052B02}.Release|x86.Build.0 = Release|Win32
		{0FA33039-5EF5-4AC8-8879-3083B7FD5466}.Debug|Any CPU.ActiveCfg = Debug|x64
		{0FA33039-5EF5-4AC8-8879-3083B7FD5466}.Debug|Any CPU.Build.0 = Debug|x64
		{0FA33039-5EF5-4AC8-8879-3083B7FD5466}.Debug|x64.ActiveCfg = Debug|x64
		{0FA33039-5EF5-4AC8-8879-3083B7FD5466}.Debug|x64.Build.0 = Debug|x64
		{0FA33039-5EF5-4AC8-8879-3083B7FD5466}.Debug|x86.ActiveCfg = Debug|Win32
		{0FA33039-5EF5-4AC8-8879-3083B7FD5466}.Debug|x86.Build.0 = Debug|Win32
		{0FA33039-5EF5-4AC8-8879-3083B7FD5466}.Release|Any CPU.ActiveCfg = Release|x64
		{0FA33039-5EF5-4AC8-8879-3083B7FD5466}.Release|Any CPU.Build.0 = Release|x64
		{0FA33039-5EF5-4AC8-8879-3083B7FD5466}.Release|x64.ActiveCfg = Release|x64
		{0FA33039-5EF5-4AC8-8879-3083B7FD5466}.Release|x64.Build.0 = Release|x64
		{0FA33039-5EF5-4AC8-8879-3083B7FD5466}.Release|x86.ActiveCfg = Release|Win32
		{0FA33039-5EF5-4AC8-8879-3083B7FD5466}.Release|x86.Build.0 = Release|Win32
		{F1FBD730-69B0-4D5A-853A-3E7B02E567E6}.Debug|Any CPU.ActiveCfg = Debug|x64
		{F1FBD730-69B0-4D5A-853A-3E7B02E567E6}.Debug|Any CPU.Build.0 = Debug|x64
		{F1FBD730-69B0-4D5A-853A-3E7B02E567E6}.Debug|x64.ActiveCfg = Debug|x64
		{F1FBD730-69B0-4D5A-853A-3E7B02E567E6}.Debug|x64.Build.0 = Debug|x64
		{F1FBD730-69B0-4D5A-853A-3E7B02E567E6}.Debug|x86.ActiveCfg = Debug|Win32
		{F1FBD730-69B0-4D5A-853A-3E7B02E567E6}.Debug|x86.Build.0 = Debug|Win32
		{F1FBD730-69B0-4D5A-853A-3E7B02E567E6}.Release|Any CPU.ActiveCfg = Release|x64
		{F1FBD730-69B0-4D5A-853A-3E7B02E567E6}.Release|Any CPU.Build.0 = Release|x64
		{F1FBD730-69B0-4D5A-853A-3E7B02E567E6}.Release|x64.ActiveCfg = Release|x64
		{F1FBD730-69B0-4D5A-853A-3E7B02E567E6}.Release|x64.Build.0 = Release|x64
		{F1FBD730-69B0-4D5A-853A-3E7B02E567E6}.Release|x86.ActiveCfg = Release|Win32
		{F1FBD730-69B0-4D5A-853A-3E7B02E567E6}.Release|x86.Build.0 = Release|Win32
		{6BB50656-55D9-4A2C-95CB-54331C9549CE}.Debug|Any CPU.ActiveCfg = Debug|x64
		{6BB50656-55D9-4A2C-95CB-54331C9549CE}.Debug|Any CPU.Build.0 = Debug|x64
		{6BB50656-55D9-4A2C-95CB-54331C9549CE}.Debug|x64.ActiveCfg = Debug|x64
		{6BB50656-55D9-4A2C-95CB-54331C9549CE}.Debug|x64.Build.0 = Debug|x64
		{6BB50656-55D9-4A2C-95CB-54331C9549CE}.Debug|x86.ActiveCfg = Debug|Win32
		{6BB50656-55D9-4A2C-95CB-54331C9549CE}.Debug|x86.Build.0 = Debug|Win32
		{6BB50656-55D9-4A2C-95CB-54331C9549CE}.Release|Any CPU.ActiveCfg = Release|x64
		{6BB50656-55D9-4A2C-95CB-54331C9549CE}.Release|Any CPU.Build.0 = Release|x64
		{6BB50656-55D9-4A2C-95CB-54331C9549CE}.Release|x64.ActiveCfg = Release|x64
		{6BB50656-55D9-4A2C-95CB-54331C9549CE}.Release|x64.Build.0 = Release|x64
		{6BB50656-55D9-4A2C-95CB-54331C9549CE}.Release|x86.ActiveCfg = Release|Win32
		{6BB50656-55D9-4A2C-95CB-54331C9549CE}.Release|x86.Build.0 = Release|Win32
		{BE226C03-87EA-4648-BD42-241F6298332E}.Debug|Any CPU.ActiveCfg = Debug|x64
		{BE226C03-87EA-4648-BD42-241F6298332E}.Debug|Any CPU.Build.0 = Debug|x64
		{BE226C03-87EA-4648-BD42-241F6298332E}.Debug|x64.ActiveCfg = Debug|x64
		{BE226C03-87EA-4648-BD42-241F6298332E}.Debug|x64.Build.0 = Debug|x64
		{BE226C03-87EA-4648-BD42-241F6298332E}.Debug|x86.ActiveCfg = Debug|Win32
		{BE226C03-87EA-4648-BD42-241F6298332E}.Debug|x86.Build.0 = Debug|Win32
		{BE226C03-87EA-4648-BD42-241F6298332E}.Release|Any CPU.ActiveCfg = Release|x64
		{BE226C03-87EA-4648-BD42-241F6298332E}.Release|Any CPU.Build.0 = Release|x64
		{BE226C03-87EA-4648-BD42-241F6298332E}.Release|x64.ActiveCfg = Release|x64
		{BE226C03-87EA-4648-BD42-241F6298332E}.Release|x64.Build.0 = Release|x64
		{BE226C03-87EA-4648-BD42-241F6298332E}.Release|x86.ActiveCfg = Release|Win32
		{BE226C03-87EA-4648-BD42-241F6298332E}.Release|x86.Build.0 = Release|Win32
		{49DC33E6-5650-4AFB-8020-ECCEB397421D}.Debug|Any CPU.ActiveCfg = Debug|x64
		{49DC33E6-5650-4AFB-8020-ECCEB397421D}.Debug|Any CPU.Build.0 = Debug|x64
		{49DC33E6-5650-4AFB-8020-ECCEB397421D}.Debug|x64.ActiveCfg = Debug|x64
		{49DC33E6-5650-4AFB-8020-ECCEB397421D}.Debug|x64.Build.0 = Debug|x64
		{49DC33E6-5650-4AFB-8020-ECCEB397421D}.Debug|x86.ActiveCfg = Debug|Win32
		{49DC33E6-5650-4AFB-8020-ECCEB397421D}.Debug|x86.Build.0 = Debug|Win32
		{49DC33E6-5650-4AFB-8020-ECCEB397421D}.Release|Any CPU.ActiveCfg = Release|x64
		{49DC33E6-5650-4AFB-8020-ECCEB397421D}.Release|Any CPU.Build.0 = Release|x64
		{49DC33E6-5650-4AFB-8020-ECCEB397421D}.Release|x64.ActiveCfg = Release|x64
		{49DC33E6-5650-4AFB-8020-ECCEB397421D}.Release|x64.Build.0 = Release|x64
		{49DC33E6-5650-4AFB-8020-ECCEB397421D}.Release|x86.ActiveCfg = Release|Win32
		{49DC33E6-5650-4AFB-8020-ECCEB397421D}.Release|x86.Build.0 = Release|Win32
		{DD013F48-B7CB-4BB1-9466-C095924ACFBA}.Debug|Any CPU.ActiveCfg = Debug|x64
		{DD013F48-B7CB-4BB1-9466-C095924ACFBA}.Debug|Any CPU.Build.0 = Debug|x64
		{DD013F48-B7CB-4BB1-9466-C095924ACFBA}.Debug|x64.ActiveCfg = Debug|x64
		{DD013F48-B7CB-4BB1-9466-C095924ACFBA}.Debug|x64.Build.0 = Debug|x64
		{DD013F48-B7CB-4BB1-9466-C095924ACFBA}.Debug|x86.ActiveCfg = Debug|Win32
		{DD013F48-B7CB-4BB1-9466-C095924ACFBA}.Debug|x86.Build.0 = Debug|Win32
		{DD013F48-B7CB-4BB1-9466-C095924ACFBA}.Release|Any CPU.ActiveCfg = Release|x64
		{DD013F48-B7CB-4BB1-9466-C095924ACFBA}.Release|Any CPU.Build.0 = Release|x64
		{DD013F48-B7CB-4BB1-9466-C095924ACFBA}.Release|x64.ActiveCfg = Release|x64
		{DD013F48-B7CB-4BB1-9466-C095924ACFBA}.Release|x64.Build.0 = Release|x64
		{DD013F48-B7CB-4BB1-9466-C095924ACFBA}.Release|x86.ActiveCfg = Release|Win32
		{DD013F48-B7CB-4BB1-9466-C095924ACFBA}.Release|x86.Build.0 = Release|Win32
		{2DEDD603-D62B-4075-A3B4-DDB3D1E7D7F0}.Debug|Any CPU.ActiveCfg = Debug|x64
		{2DEDD603-D62B-4075-A3B4-DDB3D1E7D7F0}.Debug|Any CPU.Build.0 = Debug|x64
		{2DEDD603-D62B-4075-A3B4-DDB3D1E7D7F0}.Debug|x64.ActiveCfg = Debug|x64
		{2DEDD603-D62B-4075-A3B4-DDB3D1E7D7F0}.Debug|x64.Build.0 = Debug|x64
		{2DEDD603-D62B-4075-A3B4-DDB3D1E7D7F0}.Debug|x86.ActiveCfg = Debug|Win32
		{2DEDD603-D62B-4075-A3B4-DDB3D1E7D7F0}.Debug|x86.Build.0 = Debug|Win32
		{2DEDD603-D62B-4075-A3B4-DDB3D1E7D7F0}.Release|Any CPU.ActiveCfg = Release|x64
		{2DEDD603-D62B-4075-A3B4-DDB3D1E7D7F0}.Release|Any CPU.Build.0 = Release|x64
		{2DEDD603-D62B-4075-A3B4-DDB3D1E7D7F0}.Release|x64.ActiveCfg = Release|x64
		{2DEDD603-D62B-4075-A3B4-DDB3D1E7D7F0}.Release|x64.Build.0 = Release|x64
		{2DEDD603-D62B-4075-A3B4-DDB3D1E7D7F0}.Release|x86.ActiveCfg = Release|Win32
		{2DEDD603-D62B-4075-A3B4-DDB3D1E7D7F0}.Release|x86.Build.0 = Release|Win32
		{3BCA3362-62C9-4A6C-8BEA-3A31FA706652}.Debug|Any CPU.ActiveCfg = Debug|x64
		{3BCA3362-62C9-4A6C-8BEA-3A31FA706652}.Debug|Any CPU.Build.0 = Debug|x64
		{3BCA3362-62C9-4A6C-8BEA-3A31FA706652}.Debug|x64.ActiveCfg = Debug|x64
		{3BCA3362-62C9-4A6C-8BEA-3A31FA706652}.Debug|x64.Build.0 = Debug|x64
		{3BCA3362-62C9-4A6C-8BEA-3A31FA706652}.Debug|x86.ActiveCfg = Debug|Win32
		{3BCA3362-62C9-4A6C-8BEA-3A31FA706652}.Debug|x86.Build.0 = Debug|Win32
		{3BCA3362-62C9-4A6C-8BEA-3A31FA706652}.Release|Any CPU.ActiveCfg = Release|x64
		{3BCA3362-62C9-4A6C-8BEA-3A31FA706652}.Release|Any CPU.Build.0 = Release|x64
		{3BCA3362-62C9-4A6C-8BEA-3A31FA706652}.Release|x64.ActiveCfg = Release|x64
		{3BCA3362-62C9-4A6C-8BEA-3A31FA706652}.Release|x64.Build.0 = Release|x64
		{3BCA3362-62C9-4A6C-8BEA-3A31FA706652}.Release|x86.ActiveCfg = Release|Win32
		{3BCA3362-62C9-4A6C-8BEA-3A31FA706652}.Release|x86.Build.0 = Release|Win32
		{1E273590-3C3E-4026-B4A9-B6E189DF2912}.Debug|Any CPU.ActiveCfg = Debug|x64
		{1E273590-3C3E-4026-B4A9-B6E189DF2912}.Debug|Any CPU.Build.0 = Debug|x64
		{1E273590-3C3E-4026-B4A9-B6E189DF2912}.Debug|x64.ActiveCfg = Debug|x64
		{1E273590-3C3E-4026-B4A9-B6E189DF2912}.Debug|x64.Build.0 = Debug|x64
		{1E273590-3C3E-4026-B4A9-B6E189DF2912}.Debug|x86.ActiveCfg = Debug|Win32
		{1E273590-3C3E-4026-B4A9-B6E189DF2912}.Debug|x86.Build.0 = Debug|Win32
		{1E273590-3C3E-4026-B4A9-B6E189DF2912}.Release|Any CPU.ActiveCfg = Release|x64
		{1E273590-3C3E-4026-B4A9-B6E189DF2912}.Release|Any CPU.Build.0 = Release|x64
		{1E273590-3C3E-4026-B4A9-B6E189DF2912}.Release|x64.ActiveCfg = Release|x64
		{1E273590-3C3E-4026-B4A9-B6E189DF2912}.Release|x64.Build.0 = Release|x64
		{1E273590-3C3E-4026-B4A9-B6E189DF2912}.Release|x86.ActiveCfg = Release|Win32
		{1E273590-3C3E-4026-B4A9-B6E189DF2912}.Release|x86.Build.0 = Release|Win32
		{73545B0E-0377-4A1A-A2E9-9FC0BE1E6FE6}.Debug|Any CPU.ActiveCfg = Debug|x64
		{73545B0E-0377-4A1A-A2E9-9FC0BE1E6FE6}.Debug|Any CPU.Build.0 = Debug|x64
		{73545B0E-0377-4A1A-A2E9-9FC0BE1E6FE6}.Debug|x64.ActiveCfg = Debug|x64
		{73545B0E-0377-4A1A-A2E9-9FC0BE1E6FE6}.Debug|x64.Build.0 = Debug|x64
		{73545B0E-0377-4A1A-A2E9-9FC0BE1E6FE6}.Debug|x86.ActiveCfg = Debug|Win32
		{73545B0E-0377-4A1A-A2E9-9FC0BE1E6FE6}.Debug|x86.Build.0 = Debug|Win32
		{73545B0E-0377-4A1A-A2E9-9FC0BE1E6FE6}.Release|Any CPU.ActiveCfg = Release|x64
		{73545B0E-0377-4A1A-A2E9-9FC0BE1E6FE6}.Release|Any CPU.Build.0 = Release|x64
		{73545B0E-0377-4A1A-A2E9-9FC0BE1E6FE6}.Release|x64.ActiveCfg = Release|x64
		{73545B0E-0377-4A1A-A2E9-9FC0BE1E6FE6}.Release|x64.Build.0 = Release|x64
		{73545B0E-0377-4A1A-A2E9-9FC0BE1E6FE6}.Release|x86.ActiveCfg = Release|Win32
		{73545B0E-0377-4A1A-A2E9-9FC0BE1E6FE6}.Release|x86.Build.0 = Release|Win32
		{EB34935F-64CC-4AA4-B6C9-FC40CFE8AE49}.Debug|Any CPU.ActiveCfg = Debug|x64
		{EB34935F-64CC-4AA4-B6C9-FC40CFE8AE49}.Debug|Any CPU.Build.0 = Debug|x64
		{EB34935F-64CC-4AA4-B6C9-FC40CFE8AE49}.Debug|x64.ActiveCfg = Debug|x64
		{EB34935F-64CC-4AA4-B6C9-FC40CFE8AE49}.Debug|x64.Build.0 = Debug|x64
		{EB34935F-64CC-4AA4-B6C9-FC40CFE8AE49}.Debug|x86.ActiveCfg = Debug|Win32
		{EB34935F-64CC-4AA4-B6C9-FC40CFE8AE49}.Debug|x86.Build.0 = Debug|Win32
		{EB34935F-64CC-4AA4-B6C9-FC40CFE8AE49}.Release|Any CPU.ActiveCfg = Release|x64
		{EB34935F-64CC-4AA4-B6C9-FC40CFE8AE49}.Release|Any CPU.Build.0 = Release|x64
		{EB34935F-64CC-4AA4-B6C9-FC40CFE8AE49}.Release|x64.ActiveCfg = Release|x64
		{EB34935F-64CC-4AA4-B6C9-FC40CFE8AE49}.Release|x64.Build.0 = Release|x64
		{EB34935F-64CC-4AA4-B6C9-FC40CFE8AE49}.Release|x86.ActiveCfg = Release|Win32
		{EB34935F-64CC-4AA4-B6C9-FC40CFE8AE49}.Release|x86.Build.0 = Release|Win32
		{3743AAE3-687F-4D49-BD1C-9C847FF67809}.Debug|Any CPU.ActiveCfg = Debug|x64
		{3743AAE3-687F-4D49-BD1C-9C847FF67809}.Debug|Any CPU.Build.0 = Debug|x64
		{3743AAE3-687F-4D49-BD1C-9C847FF67809}.Debug|x64.ActiveCfg = Debug|x64
		{3743AAE3-687F-4D49-BD1C-9C847FF67809}.Debug|x64.Build.0 = Debug|x64
		{3743AAE3-687F-4D49-BD1C-9C847FF67809}.Debug|x86.ActiveCfg = Debug|Win32
		{3743AAE3-687F-4D49-BD1C-9C847FF67809}.Debug|x86.Build.0 = Debug|Win32
		{3743AAE3-687F-4D49-BD1C-9C847FF67809}.Release|Any CPU.ActiveCfg = Release|x64
		{3743AAE3-687F-4D49-BD1C-9C847FF67809}.Release|Any CPU.Build.0 = Release|x64
		{3743AAE3-687F-4D49-BD1C-9C847FF67809}.Release|x64.ActiveCfg = Release|x64
		{3743AAE3-687F-4D49-BD1C-9C847FF67809}.Release|x64.Build.0 = Release|x64
		{3743AAE3-687F-4D49-BD1C-9C847FF67809}.Release|x86.ActiveCfg = Release|Win32
		{3743AAE3-687F-4D49-BD1C-9C847FF67809}.Release|x86.Build.0 = Release|Win32
		{B70894D2-02BE-47D6-964E-C11E92E1DF3C}.Debug|Any CPU.ActiveCfg = Debug|x64
		{B70894D2-02BE-47D6-964E-C11E92E1DF3C}.Debug|Any CPU.Build.0 = Debug|x64
		{B70894D2-02BE-47D6-964E-C11E92E1DF3C}.Debug|x64.ActiveCfg = Debug|x64
		{B70894D2-02BE-47D6-964E-C11E92E1DF3C}.Debug|x64.Build.0 = Debug|x64
		{B70894D2-02BE-47D6-964E-C11E92E1DF3C}.Debug|x86.ActiveCfg = Debug|Win32
		{B70894D2-02BE-47D6-964E-C11E92E1DF3C}.Debug|x86.Build.0 = Debug|Win32
		{B70894D2-02BE-47D6-964E-C11E92E1DF3C}.Release|Any CPU.ActiveCfg = Release|x64
		{B70894D2-02BE-47D6-964E-C11E92E1DF3C}.Release|Any CPU.Build.0 = Release|x64
		{B70894D2-02BE-47D6-964E-C11E92E1DF3C}.Release|x64.ActiveCfg = Release|x64
		{B70894D2-02BE-47D6-964E-C11E92E1DF3C}.Release|x64.Build.0 = Release|x64
		{B70894D2-02BE-47D6-964E-C11E92E1DF3C}.Release|x86.ActiveCfg = Release|Win32
		{B70894D2-02BE-47D6-964E-C11E92E1DF3C}.Release|x86.Build.0 = Release|Win32
		{9908D3AF-3336-4BE8-A257-9BFE1F498C61}.Debug|Any CPU.ActiveCfg = Debug|x64
		{9908D3AF-3336-4BE8-A257-9BFE1F498C61}.Debug|Any CPU.Build.0 = Debug|x64
		{9908D3AF-3336-4BE8-A257-9BFE1F498C61}.Debug|x64.ActiveCfg = Debug|x64
		{9908D3AF-3336-4BE8-A257-9BFE1F498C61}.Debug|x64.Build.0 = Debug|x64
		{9908D3AF-3336-4BE8-A257-9BFE1F498C61}.Debug|x86.ActiveCfg = Debug|Win32
		{9908D3AF-3336-4BE8-A257-9BFE1F498C61}.Debug|x86.Build.0 = Debug|Win32
		{9908D3AF-3336-4BE8-A257-9BFE1F498C61}.Release|Any CPU.ActiveCfg = Release|x64
		{9908D3AF-3336-4BE8-A257-9BFE1F498C61}.Release|Any CPU.Build.0 = Release|x64
		{9908D3AF-3336-4BE8-A257-9BFE1F498C61}.Release|x64.ActiveCfg = Release|x64
		{9908D3AF-3336-4BE8-A257-9BFE1F498C61}.Release|x64.Build.0 = Release|x64
		{9908D3AF-3336-4BE8-A257-9BFE1F498C61}.Release|x86.ActiveCfg = Release|Win32
		{9908D3AF-3336-4BE8-A257-9BFE1F498C61}.Release|x86.Build.0 = Release|Win32
		{A2E5068E-7B29-4C2E-86E4-8F2B875559B0}.Debug|Any CPU.ActiveCfg = Debug|x64
		{A2E5068E-7B29-4C2E-86E4-8F2B875559B0}.Debug|Any CPU.Build.0 = Debug|x64
		{A2E5068E-7B29-4C2E-86E4-8F2B875559B0}.Debug|x64.ActiveCfg = Debug|x64
		{A2E5068E-7B29-4C2E-86E4-8F2B875559B0}.Debug|x64.Build.0 = Debug|x64
		{A2E5068E-7B29-4C2E-86E4-8F2B875559B0}.Debug|x86.ActiveCfg = Debug|Win32
		{A2E5068E-7B29-4C2E-86E4-8F2B875559B0}.Debug|x86.Build.0 = Debug|Win32
		{A2E5068E-7B29-4C2E-86E4-8F2B875559B0}.Release|Any CPU.ActiveCfg = Release|x64
		{A2E5068E-7B29-4C2E-86E4-8F2B875559B0}.Release|Any CPU.Build.0 = Release|x64
		{A2E5068E-7B29-4C2E-86E4-8F2B875559B0}.Release|x64.ActiveCfg = Release|x64
		{A2E5068E-7B29-4C2E-86E4-8F2B875559B0}.Release|x64.Build.0 = Release|x64
		{A2E5068E-7B29-4C2E-86E4-8F2B875559B0}.Release|x86.ActiveCfg = Release|Win32
		{A2E5068E-7B29-4C2E-86E4-8F2B875559B0}.Release|x86.Build.0 = Release|Win32
		{AA168155-ED1B-4111-AF13-01BCD2E613DD}.Debug|Any CPU.ActiveCfg = Debug|x64
		{AA168155-ED1B-4111-AF13-01BCD2E613DD}.Debug|Any CPU.Build.0 = Debug|x64
		{AA168155-ED1B-4111-AF13-01BCD2E613DD}.Debug|x64.ActiveCfg = Debug|x64
		{AA168155-ED1B-4111-AF13-01BCD2E613DD}.Debug|x64.Build.0 = Debug|x64
		{AA168155-ED1B-4111-AF13-01BCD2E613DD}.Debug|x86.ActiveCfg = Debug|Win32
		{AA168155-ED1B-4111-AF13-01BCD2E613DD}.Debug|x86.Build.0 = Debug|Win32
		{AA168155-ED1B-4111-AF13-01BCD2E613DD}.Release|Any CPU.ActiveCfg = Release|x64
		{AA168155-ED1B-4111-AF13-01BCD2E613DD}.Release|Any CPU.Build.0 = Release|x64
		{AA168155-ED1B-4111-AF13-01BCD2E613DD}.Release|x64.ActiveCfg = Release|x64
		{AA168155-ED1B-4111-AF13-01BCD2E613DD}.Release|x64.Build.0 = Release|x64
		{AA168155-ED1B-4111-AF13-01BCD2E613DD}.Release|x86.ActiveCfg = Release|Win32
		{AA168155-ED1B-4111-AF13-01BCD2E613DD}.Release|x86.Build.0 = Release|Win32
	EndGlobalSection
	GlobalSection(SolutionProperties) = preSolution
		HideSolutionNode = FALSE
	EndGlobalSection
	GlobalSection(NestedProjects) = preSolution
		{BB47F42C-E239-4DFC-873F-02E7F9F31463} = {B6CE598F-F023-416E-B53B-F38DCF6F2D70}
		{4F7BF786-4D2C-4F16-91EE-8F9A0FF91FA8} = {B6CE598F-F023-416E-B53B-F38DCF6F2D70}
		{0BBB9468-118F-416F-9AF2-87143714CB68} = {B6CE598F-F023-416E-B53B-F38DCF6F2D70}
		{35D30F01-DA2F-409C-84E4-F6A9F6DEB62F} = {E4E5669E-D700-4149-8C94-2B1EB863AF85}
		{88F68860-DA32-4664-AB8D-7C6D4A1DC928} = {E4E5669E-D700-4149-8C94-2B1EB863AF85}
		{3277E658-81D5-4719-8CD9-532C6E0CAC7E} = {E4E5669E-D700-4149-8C94-2B1EB863AF85}
		{18AE225F-6E23-4F75-B1BD-02F6EB393DA6} = {E4E5669E-D700-4149-8C94-2B1EB863AF85}
		{C6B97EAA-0204-4FEE-B89F-A0A009CDADF2} = {E4E5669E-D700-4149-8C94-2B1EB863AF85}
		{C705B226-50A6-4472-9C5F-062AFB59C961} = {2DF226F4-DB50-4FAA-8696-F0C1A7CF7D1D}
		{2B83F9CB-2F98-4B92-A677-5BC6D5F42B12} = {2DF226F4-DB50-4FAA-8696-F0C1A7CF7D1D}
		{EAFF4E83-1959-4075-AE9A-FEEBBF93DF10} = {2DF226F4-DB50-4FAA-8696-F0C1A7CF7D1D}
		{800F9D78-132C-43D2-96A1-17F06B9FD341} = {6B8F4ADD-5831-4D80-9211-A6BB2E2142D8}
		{33565458-AE99-4E7B-B8DE-EF9D1A4F8811} = {6B8F4ADD-5831-4D80-9211-A6BB2E2142D8}
		{6F865E09-66C2-4255-ADB6-DEBE934849CF} = {6B8F4ADD-5831-4D80-9211-A6BB2E2142D8}
		{F0372C44-FE9D-45B7-8260-F7A707BB3740} = {6B8F4ADD-5831-4D80-9211-A6BB2E2142D8}
		{154F8BC7-A72B-4D08-B59C-7B6A0A2AD16C} = {F689DB97-58A6-4EC7-9B56-0B8611C1510A}
		{1518B8E4-5BF1-420B-BA1F-3B36209967DF} = {F689DB97-58A6-4EC7-9B56-0B8611C1510A}
		{8A7FCA67-47F3-4565-8CBF-FFB7E1A62E46} = {F689DB97-58A6-4EC7-9B56-0B8611C1510A}
		{7065C860-73E2-4261-9CCC-30F6CBA2397D} = {188CC262-AAE3-4142-A897-74FA35730CC8}
		{A83D90D6-0F7D-4505-BBD0-EE450FEC87C7} = {188CC262-AAE3-4142-A897-74FA35730CC8}
		{4E8E3BE2-0EEC-41D1-8BAE-703DA55BF3C9} = {188CC262-AAE3-4142-A897-74FA35730CC8}
		{C1786571-5C81-446F-81B5-8898A9A5C5C6} = {DA3C135D-9D80-4AF8-B546-A75C3171D204}
		{63BB60D5-155F-454A-A505-9C69F72BDAD4} = {DA3C135D-9D80-4AF8-B546-A75C3171D204}
		{91390EEC-808E-47CC-A4D9-2EE12E82D7BA} = {555AB86F-BC01-4340-AD15-52D779822824}
		{0D2C9775-8023-4929-9BF7-9716345D0D41} = {33E900F7-A588-4A6B-92FE-469007476CC1}
		{4E711F8E-3B91-4F52-9E85-3CF83431B179} = {33E900F7-A588-4A6B-92FE-469007476CC1}
		{4F743331-7E59-4245-A5BC-E4C407FB0721} = {33E900F7-A588-4A6B-92FE-469007476CC1}
		{F9563650-C7F7-4748-BE3E-0B0B0169D131} = {7EF3BE9C-0AA7-4EA2-86FA-ADCC22147299}
		{736AC5B2-1240-4A95-8A27-02A5E8AF4059} = {7EF3BE9C-0AA7-4EA2-86FA-ADCC22147299}
		{B93C623A-D9FE-4924-B6E4-314181F55416} = {7EF3BE9C-0AA7-4EA2-86FA-ADCC22147299}
		{929F9759-1569-4047-9F91-948B47F2703A} = {7EF3BE9C-0AA7-4EA2-86FA-ADCC22147299}
		{15FA8771-4BEE-4632-A8E2-3931C14F03B2} = {33F7A2CD-CC37-449A-A1D8-FE816C574B1B}
		{EA85D0B4-A9E6-4DD5-A471-082981140E13} = {33F7A2CD-CC37-449A-A1D8-FE816C574B1B}
		{35D3A058-7806-4081-8AEE-EFBCF57EE058} = {4E3C131D-4880-4CEE-A9AF-A4C212A348B8}
		{26CA9E62-576C-4443-B9D3-FDDCCCE7B905} = {4E3C131D-4880-4CEE-A9AF-A4C212A348B8}
		{5B33EE75-DFB8-46BB-BB93-082B7F8C3033} = {4E3C131D-4880-4CEE-A9AF-A4C212A348B8}
		{46FA6414-EEC5-4446-A06C-760142031A4D} = {E07DD491-0D84-4344-9ED7-65132E5F2C52}
		{2CEDEB17-8660-4FAA-8CBF-77FD55A1B357} = {E07DD491-0D84-4344-9ED7-65132E5F2C52}
		{8F552A45-6963-423B-9CCF-B9AA33BDC2F9} = {E07DD491-0D84-4344-9ED7-65132E5F2C52}
		{9B2E214C-8DA9-434F-A9A6-462DCEF69D55} = {E2491A61-08C3-45AD-B903-AFAB7D32F764}
		{744A2FD0-06C2-4130-ABF9-0AC4B99DCFC6} = {E2491A61-08C3-45AD-B903-AFAB7D32F764}
		{6CB3BFAA-EA9B-4D08-88A5-C048EF12421C} = {9C72EFEA-A779-4A65-9E71-9AD8621C305A}
		{5CF4BDCB-27F5-4B2D-8379-267C100F6A2A} = {9C72EFEA-A779-4A65-9E71-9AD8621C305A}
		{D7EDA915-4273-4E6A-944F-7FC36A4BC677} = {247374AA-CE08-4489-AC9E-5EABAE5C36CB}
		{21DD926B-D887-45C8-AA27-116395052B02} = {247374AA-CE08-4489-AC9E-5EABAE5C36CB}
		{0FA33039-5EF5-4AC8-8879-3083B7FD5466} = {247374AA-CE08-4489-AC9E-5EABAE5C36CB}
		{F1FBD730-69B0-4D5A-853A-3E7B02E567E6} = {1C29B53A-798E-4513-AEE3-F1F969E71877}
		{6BB50656-55D9-4A2C-95CB-54331C9549CE} = {1C29B53A-798E-4513-AEE3-F1F969E71877}
		{BE226C03-87EA-4648-BD42-241F6298332E} = {73B9BA7D-53C5-434F-80C7-7A156FC991DC}
		{49DC33E6-5650-4AFB-8020-ECCEB397421D} = {9AA8783E-A774-47C7-8FA9-7E93B3C582B3}
		{DD013F48-B7CB-4BB1-9466-C095924ACFBA} = {9AA8783E-A774-47C7-8FA9-7E93B3C582B3}
		{2DEDD603-D62B-4075-A3B4-DDB3D1E7D7F0} = {9AA8783E-A774-47C7-8FA9-7E93B3C582B3}
		{3BCA3362-62C9-4A6C-8BEA-3A31FA706652} = {35343C57-78E7-4CFC-AE9F-00897AFF6E96}
		{1E273590-3C3E-4026-B4A9-B6E189DF2912} = {35343C57-78E7-4CFC-AE9F-00897AFF6E96}
		{73545B0E-0377-4A1A-A2E9-9FC0BE1E6FE6} = {9F1265A4-E84D-43A7-88F9-ADC397D249AD}
		{EB34935F-64CC-4AA4-B6C9-FC40CFE8AE49} = {95D5B5F3-5C90-40C2-BC1B-984ED623CB73}
		{3743AAE3-687F-4D49-BD1C-9C847FF67809} = {A8DCE0D3-D95E-4551-90D1-389970E1BFF0}
		{B70894D2-02BE-47D6-964E-C11E92E1DF3C} = {94245889-4771-4850-91DD-C44CE6AA903F}
		{9908D3AF-3336-4BE8-A257-9BFE1F498C61} = {94245889-4771-4850-91DD-C44CE6AA903F}
		{A2E5068E-7B29-4C2E-86E4-8F2B875559B0} = {94245889-4771-4850-91DD-C44CE6AA903F}
		{AA168155-ED1B-4111-AF13-01BCD2E613DD} = {94245889-4771-4850-91DD-C44CE6AA903F}
	EndGlobalSection
	GlobalSection(ExtensibilityGlobals) = postSolution
		SolutionGuid = {B59295F7-485E-4E18-A26D-9C66C274AAC6}
	EndGlobalSection
EndGlobal
